// !$*UTF8*$!
{
	archiveVersion = 1;
	classes = {
	};
	objectVersion = 56;
	objects = {

/* Begin PBXBuildFile section */
		EDC236B62BC1107700DC47C5 /* AppauseApp.swift in Sources */ = {isa = PBXBuildFile; fileRef = EDC236B52BC1107700DC47C5 /* AppauseApp.swift */; };
		EDC236B82BC1107700DC47C5 /* ContentView.swift in Sources */ = {isa = PBXBuildFile; fileRef = EDC236B72BC1107700DC47C5 /* ContentView.swift */; };
		EDC236BA2BC1107800DC47C5 /* Assets.xcassets in Resources */ = {isa = PBXBuildFile; fileRef = EDC236B92BC1107800DC47C5 /* Assets.xcassets */; };
		EDC236BD2BC1107800DC47C5 /* Preview Assets.xcassets in Resources */ = {isa = PBXBuildFile; fileRef = EDC236BC2BC1107800DC47C5 /* Preview Assets.xcassets */; };
		EDC236C72BC1107800DC47C5 /* AppauseTests.swift in Sources */ = {isa = PBXBuildFile; fileRef = EDC236C62BC1107800DC47C5 /* AppauseTests.swift */; };
		EDC236D12BC1107800DC47C5 /* AppauseUITests.swift in Sources */ = {isa = PBXBuildFile; fileRef = EDC236D02BC1107800DC47C5 /* AppauseUITests.swift */; };
		EDC236D32BC1107800DC47C5 /* AppauseUITestsLaunchTests.swift in Sources */ = {isa = PBXBuildFile; fileRef = EDC236D22BC1107800DC47C5 /* AppauseUITestsLaunchTests.swift */; };
		EDFB125C2BC3A78D00353B4C /* FamilyControls.swift in Sources */ = {isa = PBXBuildFile; fileRef = EDFB125B2BC3A78D00353B4C /* FamilyControls.swift */; };
/* End PBXBuildFile section */

/* Begin PBXContainerItemProxy section */
		EDC236C32BC1107800DC47C5 /* PBXContainerItemProxy */ = {
			isa = PBXContainerItemProxy;
			containerPortal = EDC236AA2BC1107600DC47C5 /* Project object */;
			proxyType = 1;
			remoteGlobalIDString = EDC236B12BC1107700DC47C5;
			remoteInfo = Appause;
		};
		EDC236CD2BC1107800DC47C5 /* PBXContainerItemProxy */ = {
			isa = PBXContainerItemProxy;
			containerPortal = EDC236AA2BC1107600DC47C5 /* Project object */;
			proxyType = 1;
			remoteGlobalIDString = EDC236B12BC1107700DC47C5;
			remoteInfo = Appause;
		};
/* End PBXContainerItemProxy section */

/* Begin PBXFileReference section */
		ED8477562BC3945900F5C716 /* Appause.entitlements */ = {isa = PBXFileReference; lastKnownFileType = text.plist.entitlements; path = Appause.entitlements; sourceTree = "<group>"; };
		EDC236B22BC1107700DC47C5 /* Appause.app */ = {isa = PBXFileReference; explicitFileType = wrapper.application; includeInIndex = 0; path = Appause.app; sourceTree = BUILT_PRODUCTS_DIR; };
		EDC236B52BC1107700DC47C5 /* AppauseApp.swift */ = {isa = PBXFileReference; lastKnownFileType = sourcecode.swift; path = AppauseApp.swift; sourceTree = "<group>"; };
		EDC236B72BC1107700DC47C5 /* ContentView.swift */ = {isa = PBXFileReference; lastKnownFileType = sourcecode.swift; path = ContentView.swift; sourceTree = "<group>"; };
		EDC236B92BC1107800DC47C5 /* Assets.xcassets */ = {isa = PBXFileReference; lastKnownFileType = folder.assetcatalog; path = Assets.xcassets; sourceTree = "<group>"; };
		EDC236BC2BC1107800DC47C5 /* Preview Assets.xcassets */ = {isa = PBXFileReference; lastKnownFileType = folder.assetcatalog; path = "Preview Assets.xcassets"; sourceTree = "<group>"; };
		EDC236C22BC1107800DC47C5 /* AppauseTests.xctest */ = {isa = PBXFileReference; explicitFileType = wrapper.cfbundle; includeInIndex = 0; path = AppauseTests.xctest; sourceTree = BUILT_PRODUCTS_DIR; };
		EDC236C62BC1107800DC47C5 /* AppauseTests.swift */ = {isa = PBXFileReference; lastKnownFileType = sourcecode.swift; path = AppauseTests.swift; sourceTree = "<group>"; };
		EDC236CC2BC1107800DC47C5 /* AppauseUITests.xctest */ = {isa = PBXFileReference; explicitFileType = wrapper.cfbundle; includeInIndex = 0; path = AppauseUITests.xctest; sourceTree = BUILT_PRODUCTS_DIR; };
		EDC236D02BC1107800DC47C5 /* AppauseUITests.swift */ = {isa = PBXFileReference; lastKnownFileType = sourcecode.swift; path = AppauseUITests.swift; sourceTree = "<group>"; };
		EDC236D22BC1107800DC47C5 /* AppauseUITestsLaunchTests.swift */ = {isa = PBXFileReference; lastKnownFileType = sourcecode.swift; path = AppauseUITestsLaunchTests.swift; sourceTree = "<group>"; };
		EDFB125B2BC3A78D00353B4C /* FamilyControls.swift */ = {isa = PBXFileReference; lastKnownFileType = sourcecode.swift; path = FamilyControls.swift; sourceTree = "<group>"; };
/* End PBXFileReference section */

/* Begin PBXFrameworksBuildPhase section */
		EDC236AF2BC1107700DC47C5 /* Frameworks */ = {
			isa = PBXFrameworksBuildPhase;
			buildActionMask = 2147483647;
			files = (
			);
			runOnlyForDeploymentPostprocessing = 0;
		};
		EDC236BF2BC1107800DC47C5 /* Frameworks */ = {
			isa = PBXFrameworksBuildPhase;
			buildActionMask = 2147483647;
			files = (
			);
			runOnlyForDeploymentPostprocessing = 0;
		};
		EDC236C92BC1107800DC47C5 /* Frameworks */ = {
			isa = PBXFrameworksBuildPhase;
			buildActionMask = 2147483647;
			files = (
			);
			runOnlyForDeploymentPostprocessing = 0;
		};
/* End PBXFrameworksBuildPhase section */

/* Begin PBXGroup section */
		EDC236A92BC1107600DC47C5 = {
			isa = PBXGroup;
			children = (
				EDC236B42BC1107700DC47C5 /* Appause */,
				EDC236C52BC1107800DC47C5 /* AppauseTests */,
				EDC236CF2BC1107800DC47C5 /* AppauseUITests */,
				EDC236B32BC1107700DC47C5 /* Products */,
			);
			sourceTree = "<group>";
		};
		EDC236B32BC1107700DC47C5 /* Products */ = {
			isa = PBXGroup;
			children = (
				EDC236B22BC1107700DC47C5 /* Appause.app */,
				EDC236C22BC1107800DC47C5 /* AppauseTests.xctest */,
				EDC236CC2BC1107800DC47C5 /* AppauseUITests.xctest */,
			);
			name = Products;
			sourceTree = "<group>";
		};
		EDC236B42BC1107700DC47C5 /* Appause */ = {
			isa = PBXGroup;
			children = (
				EDFB125A2BC3A75F00353B4C /* ScreenTimeAPI */,
				ED8477562BC3945900F5C716 /* Appause.entitlements */,
				EDC236B52BC1107700DC47C5 /* AppauseApp.swift */,
				EDC236B72BC1107700DC47C5 /* ContentView.swift */,
				EDC236B92BC1107800DC47C5 /* Assets.xcassets */,
				EDC236BB2BC1107800DC47C5 /* Preview Content */,
			);
			path = Appause;
			sourceTree = "<group>";
		};
		EDC236BB2BC1107800DC47C5 /* Preview Content */ = {
			isa = PBXGroup;
			children = (
				EDC236BC2BC1107800DC47C5 /* Preview Assets.xcassets */,
			);
			path = "Preview Content";
			sourceTree = "<group>";
		};
		EDC236C52BC1107800DC47C5 /* AppauseTests */ = {
			isa = PBXGroup;
			children = (
				EDC236C62BC1107800DC47C5 /* AppauseTests.swift */,
			);
			path = AppauseTests;
			sourceTree = "<group>";
		};
		EDC236CF2BC1107800DC47C5 /* AppauseUITests */ = {
			isa = PBXGroup;
			children = (
				EDC236D02BC1107800DC47C5 /* AppauseUITests.swift */,
				EDC236D22BC1107800DC47C5 /* AppauseUITestsLaunchTests.swift */,
			);
			path = AppauseUITests;
			sourceTree = "<group>";
		};
		EDFB125A2BC3A75F00353B4C /* ScreenTimeAPI */ = {
			isa = PBXGroup;
			children = (
				EDFB125B2BC3A78D00353B4C /* FamilyControls.swift */,
			);
			path = ScreenTimeAPI;
			sourceTree = "<group>";
		};
/* End PBXGroup section */

/* Begin PBXNativeTarget section */
		EDC236B12BC1107700DC47C5 /* Appause */ = {
			isa = PBXNativeTarget;
			buildConfigurationList = EDC236D62BC1107800DC47C5 /* Build configuration list for PBXNativeTarget "Appause" */;
			buildPhases = (
				EDC236AE2BC1107700DC47C5 /* Sources */,
				EDC236AF2BC1107700DC47C5 /* Frameworks */,
				EDC236B02BC1107700DC47C5 /* Resources */,
			);
			buildRules = (
			);
			dependencies = (
			);
			name = Appause;
			productName = Appause;
			productReference = EDC236B22BC1107700DC47C5 /* Appause.app */;
			productType = "com.apple.product-type.application";
		};
		EDC236C12BC1107800DC47C5 /* AppauseTests */ = {
			isa = PBXNativeTarget;
			buildConfigurationList = EDC236D92BC1107800DC47C5 /* Build configuration list for PBXNativeTarget "AppauseTests" */;
			buildPhases = (
				EDC236BE2BC1107800DC47C5 /* Sources */,
				EDC236BF2BC1107800DC47C5 /* Frameworks */,
				EDC236C02BC1107800DC47C5 /* Resources */,
			);
			buildRules = (
			);
			dependencies = (
				EDC236C42BC1107800DC47C5 /* PBXTargetDependency */,
			);
			name = AppauseTests;
			productName = AppauseTests;
			productReference = EDC236C22BC1107800DC47C5 /* AppauseTests.xctest */;
			productType = "com.apple.product-type.bundle.unit-test";
		};
		EDC236CB2BC1107800DC47C5 /* AppauseUITests */ = {
			isa = PBXNativeTarget;
			buildConfigurationList = EDC236DC2BC1107800DC47C5 /* Build configuration list for PBXNativeTarget "AppauseUITests" */;
			buildPhases = (
				EDC236C82BC1107800DC47C5 /* Sources */,
				EDC236C92BC1107800DC47C5 /* Frameworks */,
				EDC236CA2BC1107800DC47C5 /* Resources */,
			);
			buildRules = (
			);
			dependencies = (
				EDC236CE2BC1107800DC47C5 /* PBXTargetDependency */,
			);
			name = AppauseUITests;
			productName = AppauseUITests;
			productReference = EDC236CC2BC1107800DC47C5 /* AppauseUITests.xctest */;
			productType = "com.apple.product-type.bundle.ui-testing";
		};
/* End PBXNativeTarget section */

/* Begin PBXProject section */
		EDC236AA2BC1107600DC47C5 /* Project object */ = {
			isa = PBXProject;
			attributes = {
				BuildIndependentTargetsInParallel = 1;
				LastSwiftUpdateCheck = 1530;
				LastUpgradeCheck = 1530;
				TargetAttributes = {
					EDC236B12BC1107700DC47C5 = {
						CreatedOnToolsVersion = 15.3;
					};
					EDC236C12BC1107800DC47C5 = {
						CreatedOnToolsVersion = 15.3;
						TestTargetID = EDC236B12BC1107700DC47C5;
					};
					EDC236CB2BC1107800DC47C5 = {
						CreatedOnToolsVersion = 15.3;
						TestTargetID = EDC236B12BC1107700DC47C5;
					};
				};
			};
			buildConfigurationList = EDC236AD2BC1107600DC47C5 /* Build configuration list for PBXProject "Appause" */;
			compatibilityVersion = "Xcode 14.0";
			developmentRegion = en;
			hasScannedForEncodings = 0;
			knownRegions = (
				en,
				Base,
			);
			mainGroup = EDC236A92BC1107600DC47C5;
			productRefGroup = EDC236B32BC1107700DC47C5 /* Products */;
			projectDirPath = "";
			projectRoot = "";
			targets = (
				EDC236B12BC1107700DC47C5 /* Appause */,
				EDC236C12BC1107800DC47C5 /* AppauseTests */,
				EDC236CB2BC1107800DC47C5 /* AppauseUITests */,
			);
		};
/* End PBXProject section */

/* Begin PBXResourcesBuildPhase section */
		EDC236B02BC1107700DC47C5 /* Resources */ = {
			isa = PBXResourcesBuildPhase;
			buildActionMask = 2147483647;
			files = (
				EDC236BD2BC1107800DC47C5 /* Preview Assets.xcassets in Resources */,
				EDC236BA2BC1107800DC47C5 /* Assets.xcassets in Resources */,
			);
			runOnlyForDeploymentPostprocessing = 0;
		};
		EDC236C02BC1107800DC47C5 /* Resources */ = {
			isa = PBXResourcesBuildPhase;
			buildActionMask = 2147483647;
			files = (
			);
			runOnlyForDeploymentPostprocessing = 0;
		};
		EDC236CA2BC1107800DC47C5 /* Resources */ = {
			isa = PBXResourcesBuildPhase;
			buildActionMask = 2147483647;
			files = (
			);
			runOnlyForDeploymentPostprocessing = 0;
		};
/* End PBXResourcesBuildPhase section */

/* Begin PBXSourcesBuildPhase section */
		EDC236AE2BC1107700DC47C5 /* Sources */ = {
			isa = PBXSourcesBuildPhase;
			buildActionMask = 2147483647;
			files = (
				EDC236B82BC1107700DC47C5 /* ContentView.swift in Sources */,
				EDFB125C2BC3A78D00353B4C /* FamilyControls.swift in Sources */,
				EDC236B62BC1107700DC47C5 /* AppauseApp.swift in Sources */,
			);
			runOnlyForDeploymentPostprocessing = 0;
		};
		EDC236BE2BC1107800DC47C5 /* Sources */ = {
			isa = PBXSourcesBuildPhase;
			buildActionMask = 2147483647;
			files = (
				EDC236C72BC1107800DC47C5 /* AppauseTests.swift in Sources */,
			);
			runOnlyForDeploymentPostprocessing = 0;
		};
		EDC236C82BC1107800DC47C5 /* Sources */ = {
			isa = PBXSourcesBuildPhase;
			buildActionMask = 2147483647;
			files = (
				EDC236D32BC1107800DC47C5 /* AppauseUITestsLaunchTests.swift in Sources */,
				EDC236D12BC1107800DC47C5 /* AppauseUITests.swift in Sources */,
			);
			runOnlyForDeploymentPostprocessing = 0;
		};
/* End PBXSourcesBuildPhase section */

/* Begin PBXTargetDependency section */
		EDC236C42BC1107800DC47C5 /* PBXTargetDependency */ = {
			isa = PBXTargetDependency;
			target = EDC236B12BC1107700DC47C5 /* Appause */;
			targetProxy = EDC236C32BC1107800DC47C5 /* PBXContainerItemProxy */;
		};
		EDC236CE2BC1107800DC47C5 /* PBXTargetDependency */ = {
			isa = PBXTargetDependency;
			target = EDC236B12BC1107700DC47C5 /* Appause */;
			targetProxy = EDC236CD2BC1107800DC47C5 /* PBXContainerItemProxy */;
		};
/* End PBXTargetDependency section */

/* Begin XCBuildConfiguration section */
		EDC236D42BC1107800DC47C5 /* Debug */ = {
			isa = XCBuildConfiguration;
			buildSettings = {
				ALWAYS_SEARCH_USER_PATHS = NO;
				ASSETCATALOG_COMPILER_GENERATE_SWIFT_ASSET_SYMBOL_EXTENSIONS = YES;
				CLANG_ANALYZER_NONNULL = YES;
				CLANG_ANALYZER_NUMBER_OBJECT_CONVERSION = YES_AGGRESSIVE;
				CLANG_CXX_LANGUAGE_STANDARD = "gnu++20";
				CLANG_ENABLE_MODULES = YES;
				CLANG_ENABLE_OBJC_ARC = YES;
				CLANG_ENABLE_OBJC_WEAK = YES;
				CLANG_WARN_BLOCK_CAPTURE_AUTORELEASING = YES;
				CLANG_WARN_BOOL_CONVERSION = YES;
				CLANG_WARN_COMMA = YES;
				CLANG_WARN_CONSTANT_CONVERSION = YES;
				CLANG_WARN_DEPRECATED_OBJC_IMPLEMENTATIONS = YES;
				CLANG_WARN_DIRECT_OBJC_ISA_USAGE = YES_ERROR;
				CLANG_WARN_DOCUMENTATION_COMMENTS = YES;
				CLANG_WARN_EMPTY_BODY = YES;
				CLANG_WARN_ENUM_CONVERSION = YES;
				CLANG_WARN_INFINITE_RECURSION = YES;
				CLANG_WARN_INT_CONVERSION = YES;
				CLANG_WARN_NON_LITERAL_NULL_CONVERSION = YES;
				CLANG_WARN_OBJC_IMPLICIT_RETAIN_SELF = YES;
				CLANG_WARN_OBJC_LITERAL_CONVERSION = YES;
				CLANG_WARN_OBJC_ROOT_CLASS = YES_ERROR;
				CLANG_WARN_QUOTED_INCLUDE_IN_FRAMEWORK_HEADER = YES;
				CLANG_WARN_RANGE_LOOP_ANALYSIS = YES;
				CLANG_WARN_STRICT_PROTOTYPES = YES;
				CLANG_WARN_SUSPICIOUS_MOVE = YES;
				CLANG_WARN_UNGUARDED_AVAILABILITY = YES_AGGRESSIVE;
				CLANG_WARN_UNREACHABLE_CODE = YES;
				CLANG_WARN__DUPLICATE_METHOD_MATCH = YES;
				COPY_PHASE_STRIP = NO;
				DEBUG_INFORMATION_FORMAT = dwarf;
				ENABLE_STRICT_OBJC_MSGSEND = YES;
				ENABLE_TESTABILITY = YES;
				ENABLE_USER_SCRIPT_SANDBOXING = YES;
				GCC_C_LANGUAGE_STANDARD = gnu17;
				GCC_DYNAMIC_NO_PIC = NO;
				GCC_NO_COMMON_BLOCKS = YES;
				GCC_OPTIMIZATION_LEVEL = 0;
				GCC_PREPROCESSOR_DEFINITIONS = (
					"DEBUG=1",
					"$(inherited)",
				);
				GCC_WARN_64_TO_32_BIT_CONVERSION = YES;
				GCC_WARN_ABOUT_RETURN_TYPE = YES_ERROR;
				GCC_WARN_UNDECLARED_SELECTOR = YES;
				GCC_WARN_UNINITIALIZED_AUTOS = YES_AGGRESSIVE;
				GCC_WARN_UNUSED_FUNCTION = YES;
				GCC_WARN_UNUSED_VARIABLE = YES;
				IPHONEOS_DEPLOYMENT_TARGET = 17.4;
				LOCALIZATION_PREFERS_STRING_CATALOGS = YES;
				MTL_ENABLE_DEBUG_INFO = INCLUDE_SOURCE;
				MTL_FAST_MATH = YES;
				ONLY_ACTIVE_ARCH = YES;
				SDKROOT = iphoneos;
				SWIFT_ACTIVE_COMPILATION_CONDITIONS = "DEBUG $(inherited)";
				SWIFT_OPTIMIZATION_LEVEL = "-Onone";
			};
			name = Debug;
		};
		EDC236D52BC1107800DC47C5 /* Release */ = {
			isa = XCBuildConfiguration;
			buildSettings = {
				ALWAYS_SEARCH_USER_PATHS = NO;
				ASSETCATALOG_COMPILER_GENERATE_SWIFT_ASSET_SYMBOL_EXTENSIONS = YES;
				CLANG_ANALYZER_NONNULL = YES;
				CLANG_ANALYZER_NUMBER_OBJECT_CONVERSION = YES_AGGRESSIVE;
				CLANG_CXX_LANGUAGE_STANDARD = "gnu++20";
				CLANG_ENABLE_MODULES = YES;
				CLANG_ENABLE_OBJC_ARC = YES;
				CLANG_ENABLE_OBJC_WEAK = YES;
				CLANG_WARN_BLOCK_CAPTURE_AUTORELEASING = YES;
				CLANG_WARN_BOOL_CONVERSION = YES;
				CLANG_WARN_COMMA = YES;
				CLANG_WARN_CONSTANT_CONVERSION = YES;
				CLANG_WARN_DEPRECATED_OBJC_IMPLEMENTATIONS = YES;
				CLANG_WARN_DIRECT_OBJC_ISA_USAGE = YES_ERROR;
				CLANG_WARN_DOCUMENTATION_COMMENTS = YES;
				CLANG_WARN_EMPTY_BODY = YES;
				CLANG_WARN_ENUM_CONVERSION = YES;
				CLANG_WARN_INFINITE_RECURSION = YES;
				CLANG_WARN_INT_CONVERSION = YES;
				CLANG_WARN_NON_LITERAL_NULL_CONVERSION = YES;
				CLANG_WARN_OBJC_IMPLICIT_RETAIN_SELF = YES;
				CLANG_WARN_OBJC_LITERAL_CONVERSION = YES;
				CLANG_WARN_OBJC_ROOT_CLASS = YES_ERROR;
				CLANG_WARN_QUOTED_INCLUDE_IN_FRAMEWORK_HEADER = YES;
				CLANG_WARN_RANGE_LOOP_ANALYSIS = YES;
				CLANG_WARN_STRICT_PROTOTYPES = YES;
				CLANG_WARN_SUSPICIOUS_MOVE = YES;
				CLANG_WARN_UNGUARDED_AVAILABILITY = YES_AGGRESSIVE;
				CLANG_WARN_UNREACHABLE_CODE = YES;
				CLANG_WARN__DUPLICATE_METHOD_MATCH = YES;
				COPY_PHASE_STRIP = NO;
				DEBUG_INFORMATION_FORMAT = "dwarf-with-dsym";
				ENABLE_NS_ASSERTIONS = NO;
				ENABLE_STRICT_OBJC_MSGSEND = YES;
				ENABLE_USER_SCRIPT_SANDBOXING = YES;
				GCC_C_LANGUAGE_STANDARD = gnu17;
				GCC_NO_COMMON_BLOCKS = YES;
				GCC_WARN_64_TO_32_BIT_CONVERSION = YES;
				GCC_WARN_ABOUT_RETURN_TYPE = YES_ERROR;
				GCC_WARN_UNDECLARED_SELECTOR = YES;
				GCC_WARN_UNINITIALIZED_AUTOS = YES_AGGRESSIVE;
				GCC_WARN_UNUSED_FUNCTION = YES;
				GCC_WARN_UNUSED_VARIABLE = YES;
				IPHONEOS_DEPLOYMENT_TARGET = 17.4;
				LOCALIZATION_PREFERS_STRING_CATALOGS = YES;
				MTL_ENABLE_DEBUG_INFO = NO;
				MTL_FAST_MATH = YES;
				SDKROOT = iphoneos;
				SWIFT_COMPILATION_MODE = wholemodule;
				VALIDATE_PRODUCT = YES;
			};
			name = Release;
		};
		EDC236D72BC1107800DC47C5 /* Debug */ = {
			isa = XCBuildConfiguration;
			buildSettings = {
				ASSETCATALOG_COMPILER_APPICON_NAME = AppIcon;
				ASSETCATALOG_COMPILER_GLOBAL_ACCENT_COLOR_NAME = AccentColor;
				CODE_SIGN_ENTITLEMENTS = Appause/Appause.entitlements;
				CODE_SIGN_STYLE = Automatic;
				CURRENT_PROJECT_VERSION = 1;
				DEVELOPMENT_ASSET_PATHS = "\"Appause/Preview Content\"";
				DEVELOPMENT_TEAM = 53NSY6KM9Q;
				ENABLE_PREVIEWS = YES;
				GENERATE_INFOPLIST_FILE = YES;
				INFOPLIST_KEY_LSApplicationCategoryType = "public.app-category.education";
				INFOPLIST_KEY_UIApplicationSceneManifest_Generation = YES;
				INFOPLIST_KEY_UIApplicationSupportsIndirectInputEvents = YES;
				INFOPLIST_KEY_UILaunchScreen_Generation = YES;
				INFOPLIST_KEY_UIStatusBarStyle = "";
				INFOPLIST_KEY_UISupportedInterfaceOrientations_iPad = "UIInterfaceOrientationPortrait UIInterfaceOrientationPortraitUpsideDown UIInterfaceOrientationLandscapeLeft UIInterfaceOrientationLandscapeRight";
				INFOPLIST_KEY_UISupportedInterfaceOrientations_iPhone = "UIInterfaceOrientationPortrait UIInterfaceOrientationLandscapeLeft UIInterfaceOrientationLandscapeRight";
				LD_RUNPATH_SEARCH_PATHS = (
					"$(inherited)",
					"@executable_path/Frameworks",
				);
				MARKETING_VERSION = 1.0;
				PRODUCT_BUNDLE_IDENTIFIER = csus.TeamF12.Appause;
				PRODUCT_NAME = "$(TARGET_NAME)";
				SWIFT_EMIT_LOC_STRINGS = YES;
				SWIFT_VERSION = 5.0;
				TARGETED_DEVICE_FAMILY = "1,2";
			};
			name = Debug;
		};
		EDC236D82BC1107800DC47C5 /* Release */ = {
			isa = XCBuildConfiguration;
			buildSettings = {
				ASSETCATALOG_COMPILER_APPICON_NAME = AppIcon;
				ASSETCATALOG_COMPILER_GLOBAL_ACCENT_COLOR_NAME = AccentColor;
				CODE_SIGN_ENTITLEMENTS = Appause/Appause.entitlements;
				CODE_SIGN_STYLE = Automatic;
				CURRENT_PROJECT_VERSION = 1;
				DEVELOPMENT_ASSET_PATHS = "\"Appause/Preview Content\"";
				DEVELOPMENT_TEAM = 53NSY6KM9Q;
				ENABLE_PREVIEWS = YES;
				GENERATE_INFOPLIST_FILE = YES;
				INFOPLIST_KEY_LSApplicationCategoryType = "public.app-category.education";
				INFOPLIST_KEY_UIApplicationSceneManifest_Generation = YES;
				INFOPLIST_KEY_UIApplicationSupportsIndirectInputEvents = YES;
				INFOPLIST_KEY_UILaunchScreen_Generation = YES;
				INFOPLIST_KEY_UIStatusBarStyle = "";
				INFOPLIST_KEY_UISupportedInterfaceOrientations_iPad = "UIInterfaceOrientationPortrait UIInterfaceOrientationPortraitUpsideDown UIInterfaceOrientationLandscapeLeft UIInterfaceOrientationLandscapeRight";
				INFOPLIST_KEY_UISupportedInterfaceOrientations_iPhone = "UIInterfaceOrientationPortrait UIInterfaceOrientationLandscapeLeft UIInterfaceOrientationLandscapeRight";
				LD_RUNPATH_SEARCH_PATHS = (
					"$(inherited)",
					"@executable_path/Frameworks",
				);
				MARKETING_VERSION = 1.0;
				PRODUCT_BUNDLE_IDENTIFIER = csus.TeamF12.Appause;
				PRODUCT_NAME = "$(TARGET_NAME)";
				SWIFT_EMIT_LOC_STRINGS = YES;
				SWIFT_VERSION = 5.0;
				TARGETED_DEVICE_FAMILY = "1,2";
			};
			name = Release;
		};
		EDC236DA2BC1107800DC47C5 /* Debug */ = {
			isa = XCBuildConfiguration;
			buildSettings = {
				ALWAYS_EMBED_SWIFT_STANDARD_LIBRARIES = YES;
				BUNDLE_LOADER = "$(TEST_HOST)";
				CODE_SIGN_STYLE = Automatic;
				CURRENT_PROJECT_VERSION = 1;
				DEVELOPMENT_TEAM = 53NSY6KM9Q;
				GENERATE_INFOPLIST_FILE = YES;
				IPHONEOS_DEPLOYMENT_TARGET = 17.4;
				MARKETING_VERSION = 1.0;
				PRODUCT_BUNDLE_IDENTIFIER = csus.TeamF12.AppauseTests;
				PRODUCT_NAME = "$(TARGET_NAME)";
				SWIFT_EMIT_LOC_STRINGS = NO;
				SWIFT_VERSION = 5.0;
				TARGETED_DEVICE_FAMILY = "1,2";
				TEST_HOST = "$(BUILT_PRODUCTS_DIR)/Appause.app/$(BUNDLE_EXECUTABLE_FOLDER_PATH)/Appause";
			};
			name = Debug;
		};
		EDC236DB2BC1107800DC47C5 /* Release */ = {
			isa = XCBuildConfiguration;
			buildSettings = {
				ALWAYS_EMBED_SWIFT_STANDARD_LIBRARIES = YES;
				BUNDLE_LOADER = "$(TEST_HOST)";
				CODE_SIGN_STYLE = Automatic;
				CURRENT_PROJECT_VERSION = 1;
				DEVELOPMENT_TEAM = 53NSY6KM9Q;
				GENERATE_INFOPLIST_FILE = YES;
				IPHONEOS_DEPLOYMENT_TARGET = 17.4;
				MARKETING_VERSION = 1.0;
				PRODUCT_BUNDLE_IDENTIFIER = csus.TeamF12.AppauseTests;
				PRODUCT_NAME = "$(TARGET_NAME)";
				SWIFT_EMIT_LOC_STRINGS = NO;
				SWIFT_VERSION = 5.0;
				TARGETED_DEVICE_FAMILY = "1,2";
				TEST_HOST = "$(BUILT_PRODUCTS_DIR)/Appause.app/$(BUNDLE_EXECUTABLE_FOLDER_PATH)/Appause";
			};
			name = Release;
		};
		EDC236DD2BC1107800DC47C5 /* Debug */ = {
			isa = XCBuildConfiguration;
			buildSettings = {
				ALWAYS_EMBED_SWIFT_STANDARD_LIBRARIES = YES;
				CODE_SIGN_STYLE = Automatic;
				CURRENT_PROJECT_VERSION = 1;
				DEVELOPMENT_TEAM = 53NSY6KM9Q;
				GENERATE_INFOPLIST_FILE = YES;
				MARKETING_VERSION = 1.0;
				PRODUCT_BUNDLE_IDENTIFIER = csus.TeamF12.AppauseUITests;
				PRODUCT_NAME = "$(TARGET_NAME)";
				SWIFT_EMIT_LOC_STRINGS = NO;
				SWIFT_VERSION = 5.0;
				TARGETED_DEVICE_FAMILY = "1,2";
				TEST_TARGET_NAME = Appause;
			};
			name = Debug;
		};
		EDC236DE2BC1107800DC47C5 /* Release */ = {
			isa = XCBuildConfiguration;
			buildSettings = {
				ALWAYS_EMBED_SWIFT_STANDARD_LIBRARIES = YES;
				CODE_SIGN_STYLE = Automatic;
				CURRENT_PROJECT_VERSION = 1;
				DEVELOPMENT_TEAM = 53NSY6KM9Q;
				GENERATE_INFOPLIST_FILE = YES;
				MARKETING_VERSION = 1.0;
				PRODUCT_BUNDLE_IDENTIFIER = csus.TeamF12.AppauseUITests;
				PRODUCT_NAME = "$(TARGET_NAME)";
				SWIFT_EMIT_LOC_STRINGS = NO;
				SWIFT_VERSION = 5.0;
				TARGETED_DEVICE_FAMILY = "1,2";
				TEST_TARGET_NAME = Appause;
			};
			name = Release;
		};
/* End XCBuildConfiguration section */

/* Begin XCConfigurationList section */
		EDC236AD2BC1107600DC47C5 /* Build configuration list for PBXProject "Appause" */ = {
			isa = XCConfigurationList;
			buildConfigurations = (
				EDC236D42BC1107800DC47C5 /* Debug */,
				EDC236D52BC1107800DC47C5 /* Release */,
			);
			defaultConfigurationIsVisible = 0;
			defaultConfigurationName = Release;
		};
		EDC236D62BC1107800DC47C5 /* Build configuration list for PBXNativeTarget "Appause" */ = {
			isa = XCConfigurationList;
			buildConfigurations = (
				EDC236D72BC1107800DC47C5 /* Debug */,
				EDC236D82BC1107800DC47C5 /* Release */,
			);
			defaultConfigurationIsVisible = 0;
			defaultConfigurationName = Release;
		};
		EDC236D92BC1107800DC47C5 /* Build configuration list for PBXNativeTarget "AppauseTests" */ = {
			isa = XCConfigurationList;
			buildConfigurations = (
				EDC236DA2BC1107800DC47C5 /* Debug */,
				EDC236DB2BC1107800DC47C5 /* Release */,
			);
			defaultConfigurationIsVisible = 0;
			defaultConfigurationName = Release;
		};
		EDC236DC2BC1107800DC47C5 /* Build configuration list for PBXNativeTarget "AppauseUITests" */ = {
			isa = XCConfigurationList;
			buildConfigurations = (
				EDC236DD2BC1107800DC47C5 /* Debug */,
				EDC236DE2BC1107800DC47C5 /* Release */,
			);
			defaultConfigurationIsVisible = 0;
			defaultConfigurationName = Release;
		};
/* End XCConfigurationList section */
	};
	rootObject = EDC236AA2BC1107600DC47C5 /* Project object */;
}
