// !$*UTF8*$!
{
	archiveVersion = 1;
	classes = {
	};
	objectVersion = 56;
	objects = {

/* Begin PBXBuildFile section */
		001AC1812C9A1CA000BC8266 /* TeacherScheduleView.swift in Sources */ = {isa = PBXBuildFile; fileRef = 001AC1802C9A1CA000BC8266 /* TeacherScheduleView.swift */; };
		3E0956D72BD1D0C10037B462 /* GlobalStyleVar.swift in Sources */ = {isa = PBXBuildFile; fileRef = 3E0956D62BD1D0C10037B462 /* GlobalStyleVar.swift */; };
		3E0956D92BD1E79A0037B462 /* StudentConnectCodeView.swift in Sources */ = {isa = PBXBuildFile; fileRef = 3E0956D82BD1E79A0037B462 /* StudentConnectCodeView.swift */; };
		3E09D9DB2BD8655F008324B7 /* ForgotPasswordView.swift in Sources */ = {isa = PBXBuildFile; fileRef = 3E09D9DA2BD8655F008324B7 /* ForgotPasswordView.swift */; };
		3E100B192CAC11410006E0D3 /* PasswordRequirementsTests.swift in Sources */ = {isa = PBXBuildFile; fileRef = 3E100B182CAC11410006E0D3 /* PasswordRequirementsTests.swift */; };
		3E100B1B2CAC11AE0006E0D3 /* EmailValidationTest.swift in Sources */ = {isa = PBXBuildFile; fileRef = 3E100B1A2CAC11AE0006E0D3 /* EmailValidationTest.swift */; };
		3E1737422BD8A29A00D0F290 /* PWCodeVerificationView.swift in Sources */ = {isa = PBXBuildFile; fileRef = 3E1737412BD8A29A00D0F290 /* PWCodeVerificationView.swift */; };
		3E1737442BD8A2B200D0F290 /* ResetPasswordView.swift in Sources */ = {isa = PBXBuildFile; fileRef = 3E1737432BD8A2B200D0F290 /* ResetPasswordView.swift */; };
		3E17374C2BD8A37A00D0F290 /* StudentAppRequestView.swift in Sources */ = {isa = PBXBuildFile; fileRef = 3E17374B2BD8A37A00D0F290 /* StudentAppRequestView.swift */; };
		3E17374E2BD8A39400D0F290 /* StudentDeleteAdminView.swift in Sources */ = {isa = PBXBuildFile; fileRef = 3E17374D2BD8A39400D0F290 /* StudentDeleteAdminView.swift */; };
		3E1737502BD8A47A00D0F290 /* TeacherUserRequestView.swift in Sources */ = {isa = PBXBuildFile; fileRef = 3E17374F2BD8A47A00D0F290 /* TeacherUserRequestView.swift */; };
		3E1737522BD8A48F00D0F290 /* TeacherWhitelist.swift in Sources */ = {isa = PBXBuildFile; fileRef = 3E1737512BD8A48F00D0F290 /* TeacherWhitelist.swift */; };
		3E1737542BD8A4A300D0F290 /* TeacherManageUsers.swift in Sources */ = {isa = PBXBuildFile; fileRef = 3E1737532BD8A4A300D0F290 /* TeacherManageUsers.swift */; };
		3E1737562BD8A4BC00D0F290 /* TeacherDeleteStudentView.swift in Sources */ = {isa = PBXBuildFile; fileRef = 3E1737552BD8A4BC00D0F290 /* TeacherDeleteStudentView.swift */; };
		3E1737582BD8A4CA00D0F290 /* TeacherConnectCodeView.swift in Sources */ = {isa = PBXBuildFile; fileRef = 3E1737572BD8A4CA00D0F290 /* TeacherConnectCodeView.swift */; };
		3E17375A2BD8A5B400D0F290 /* TeacherMasterControlView.swift in Sources */ = {isa = PBXBuildFile; fileRef = 3E1737592BD8A5B400D0F290 /* TeacherMasterControlView.swift */; };
		3E17375C2BD8A69600D0F290 /* TeacherAppDescription.swift in Sources */ = {isa = PBXBuildFile; fileRef = 3E17375B2BD8A69600D0F290 /* TeacherAppDescription.swift */; };
		3E17375E2BD8A6C200D0F290 /* TimerViewModel.swift in Sources */ = {isa = PBXBuildFile; fileRef = 3E17375D2BD8A6C200D0F290 /* TimerViewModel.swift */; };
		3E1737602BD8A6F700D0F290 /* TeacherAllRequestsView.swift in Sources */ = {isa = PBXBuildFile; fileRef = 3E17375F2BD8A6F700D0F290 /* TeacherAllRequestsView.swift */; };
		3E1737622BD8A73300D0F290 /* RequestData.swift in Sources */ = {isa = PBXBuildFile; fileRef = 3E1737612BD8A73300D0F290 /* RequestData.swift */; };
		3E35C4E82CBF69940012357A /* TeacherAddScheduleView.swift in Sources */ = {isa = PBXBuildFile; fileRef = 3E35C4E72CBF69940012357A /* TeacherAddScheduleView.swift */; };
		3E79A6572CE40F0100A2A5B6 /* TeacherManageClasses.swift in Sources */ = {isa = PBXBuildFile; fileRef = 3E79A6562CE40F0100A2A5B6 /* TeacherManageClasses.swift */; };
		3E79A65B2CE43E9400A2A5B6 /* unblockRequestViewUITests.swift in Sources */ = {isa = PBXBuildFile; fileRef = 3E79A65A2CE43E9400A2A5B6 /* unblockRequestViewUITests.swift */; };
		3E79A6612CE4B39900A2A5B6 /* TeacherRegisterView.swift in Sources */ = {isa = PBXBuildFile; fileRef = 3E79A6602CE4B39900A2A5B6 /* TeacherRegisterView.swift */; };
		3E79A6632CE4B3B400A2A5B6 /* StudentRegisterView.swift in Sources */ = {isa = PBXBuildFile; fileRef = 3E79A6622CE4B3B400A2A5B6 /* StudentRegisterView.swift */; };
		3E79A6652CE4BA1F00A2A5B6 /* EmailValidationStudent.swift in Sources */ = {isa = PBXBuildFile; fileRef = 3E79A6642CE4BA1F00A2A5B6 /* EmailValidationStudent.swift */; };
		3E79A6692CE4BE9E00A2A5B6 /* TeacherAllRequestAppsUITests.swift in Sources */ = {isa = PBXBuildFile; fileRef = 3E79A6682CE4BE9E00A2A5B6 /* TeacherAllRequestAppsUITests.swift */; };
		3E8964832C9A907200C75B38 /* TeacherBlacklist.swift in Sources */ = {isa = PBXBuildFile; fileRef = 3E8964822C9A907200C75B38 /* TeacherBlacklist.swift */; };
		3E8AE2962C90213B00ABDA6E /* AppauseApp.swift in Sources */ = {isa = PBXBuildFile; fileRef = 3E8AE2952C90213B00ABDA6E /* AppauseApp.swift */; };
		3E8F6AE42BCBD5CC003C4160 /* ContentView.swift in Sources */ = {isa = PBXBuildFile; fileRef = 3E8F6AE32BCBD5CC003C4160 /* ContentView.swift */; };
		3E8F6AE62BCBD5CE003C4160 /* Assets.xcassets in Resources */ = {isa = PBXBuildFile; fileRef = 3E8F6AE52BCBD5CE003C4160 /* Assets.xcassets */; };
		3E8F6AE92BCBD5CE003C4160 /* Preview Assets.xcassets in Resources */ = {isa = PBXBuildFile; fileRef = 3E8F6AE82BCBD5CE003C4160 /* Preview Assets.xcassets */; };
		3E8F6AF32BCBD5CE003C4160 /* AppauseTests.swift in Sources */ = {isa = PBXBuildFile; fileRef = 3E8F6AF22BCBD5CE003C4160 /* AppauseTests.swift */; };
		3E8F6B0D2BCBD77F003C4160 /* KeychainSwift in Frameworks */ = {isa = PBXBuildFile; productRef = 3E8F6B0C2BCBD77F003C4160 /* KeychainSwift */; };
		3E8F6B172BCBD8EE003C4160 /* EULAView.swift in Sources */ = {isa = PBXBuildFile; fileRef = 3E8F6B162BCBD8EE003C4160 /* EULAView.swift */; };
		3EA12E342CDA11C200D5E80D /* UnblockRequestView.swift in Sources */ = {isa = PBXBuildFile; fileRef = 3E4FD4D22CD07C5100174942 /* UnblockRequestView.swift */; };
		3EA44B212BCF437C00732432 /* LoginView.swift in Sources */ = {isa = PBXBuildFile; fileRef = 3EA44B202BCF437B00732432 /* LoginView.swift */; };
		3EA44B252BCF43DF00732432 /* SelectRegistrationView.swift in Sources */ = {isa = PBXBuildFile; fileRef = 3EA44B242BCF43DF00732432 /* SelectRegistrationView.swift */; };
		3EA44B272BCF43F100732432 /* StudentMainView.swift in Sources */ = {isa = PBXBuildFile; fileRef = 3EA44B262BCF43F100732432 /* StudentMainView.swift */; };
		3EA44B292BCF440F00732432 /* TeacherMainView.swift in Sources */ = {isa = PBXBuildFile; fileRef = 3EA44B282BCF440F00732432 /* TeacherMainView.swift */; };
		3EA9F4142CBE91FF008903AD /* StudentSignUpUITests.swift in Sources */ = {isa = PBXBuildFile; fileRef = 3EA9F4132CBE91FF008903AD /* StudentSignUpUITests.swift */; };
		3EA9F4162CBE922E008903AD /* TeacherSignUpUITests.swift in Sources */ = {isa = PBXBuildFile; fileRef = 3EA9F4152CBE922E008903AD /* TeacherSignUpUITests.swift */; };
		3EA9F4182CBE9256008903AD /* StudentSignInUITests.swift in Sources */ = {isa = PBXBuildFile; fileRef = 3EA9F4172CBE9256008903AD /* StudentSignInUITests.swift */; };
		3EA9F41A2CBE9280008903AD /* TeacherSignInUITests.swift in Sources */ = {isa = PBXBuildFile; fileRef = 3EA9F4192CBE9280008903AD /* TeacherSignInUITests.swift */; };
		3EB1806C2CEE39900094B7E7 /* UnitTest.swift in Sources */ = {isa = PBXBuildFile; fileRef = 3EB1806B2CEE39900094B7E7 /* UnitTest.swift */; };
		3EB48E172CBE907A00B41BAD /* AppauseUITests.swift in Sources */ = {isa = PBXBuildFile; fileRef = 3EB48E162CBE907A00B41BAD /* AppauseUITests.swift */; };
		3EB48E192CBE907A00B41BAD /* AppauseUITestsLaunchTests.swift in Sources */ = {isa = PBXBuildFile; fileRef = 3EB48E182CBE907A00B41BAD /* AppauseUITestsLaunchTests.swift */; };
		3EE6213B2CDAD3C200F18F4A /* FirebaseAuth in Frameworks */ = {isa = PBXBuildFile; productRef = 3EE6213A2CDAD3C200F18F4A /* FirebaseAuth */; };
		3EE6213D2CDAD3C200F18F4A /* FirebaseFirestore in Frameworks */ = {isa = PBXBuildFile; productRef = 3EE6213C2CDAD3C200F18F4A /* FirebaseFirestore */; };
		3EE621412CDADB2200F18F4A /* FeedbackFormView.swift in Sources */ = {isa = PBXBuildFile; fileRef = 3EE621402CDADB2200F18F4A /* FeedbackFormView.swift */; };
		89968FA82CD0685500E7BC50 /* PermanentSchedules.swift in Sources */ = {isa = PBXBuildFile; fileRef = 89968FA72CD0685500E7BC50 /* PermanentSchedules.swift */; };
		89968FAA2CD0697A00E7BC50 /* ScheduleDatabaseManager.swift in Sources */ = {isa = PBXBuildFile; fileRef = 89968FA92CD0697A00E7BC50 /* ScheduleDatabaseManager.swift */; };
		9B20E1F22CBF6448001F2491 /* enrolledClassView.swift in Sources */ = {isa = PBXBuildFile; fileRef = 9B20E1F12CBF6448001F2491 /* enrolledClassView.swift */; };
		9B20E1F42CBF647B001F2491 /* classModel.swift in Sources */ = {isa = PBXBuildFile; fileRef = 9B20E1F32CBF647B001F2491 /* classModel.swift */; };
		9B20E1F82CBF6502001F2491 /* FirestoreManager.swift in Sources */ = {isa = PBXBuildFile; fileRef = 9B20E1F72CBF6501001F2491 /* FirestoreManager.swift */; };
		9B20E1FA2CBF90CA001F2491 /* studentRequestUnlockView.swift in Sources */ = {isa = PBXBuildFile; fileRef = 9B20E1F92CBF90C9001F2491 /* studentRequestUnlockView.swift */; };
		9B53910C2CCB0029006B254F /* unlockRequestList.swift in Sources */ = {isa = PBXBuildFile; fileRef = 9B53910B2CCB0029006B254F /* unlockRequestList.swift */; };
		9B5391102CD0053A006B254F /* registerClassView.swift in Sources */ = {isa = PBXBuildFile; fileRef = 9B53910F2CD0053A006B254F /* registerClassView.swift */; };
		C804F9E42CB8C59600E6B5B7 /* ClassIDGenerationView.swift in Sources */ = {isa = PBXBuildFile; fileRef = C804F9E32CB8C59600E6B5B7 /* ClassIDGenerationView.swift */; };
		C80DE10F2CDB3CFF0036E722 /* TeacherClassListView.swift in Sources */ = {isa = PBXBuildFile; fileRef = C80DE10E2CDB3CFF0036E722 /* TeacherClassListView.swift */; };
		C81713DB2C9BD75D00362C37 /* AdminRequestsView.swift in Sources */ = {isa = PBXBuildFile; fileRef = C81713DA2C9BD75D00362C37 /* AdminRequestsView.swift */; };
		C8B0A60E2CA64C8F009C0D92 /* BluetoothManagerView.swift in Sources */ = {isa = PBXBuildFile; fileRef = C8B0A60D2CA64C8F009C0D92 /* BluetoothManagerView.swift */; };
		C8D38EF52BD35D9E00F0D2BA /* StudentSettingsView.swift in Sources */ = {isa = PBXBuildFile; fileRef = C8D38EF42BD35D9E00F0D2BA /* StudentSettingsView.swift */; };
		C8D38EF72BD3881700F0D2BA /* TeacherSettingsView.swift in Sources */ = {isa = PBXBuildFile; fileRef = C8D38EF62BD3881700F0D2BA /* TeacherSettingsView.swift */; };
		ED2B5A8E2C9A12EE008AC0AA /* AuthManager.swift in Sources */ = {isa = PBXBuildFile; fileRef = ED2B5A8D2C9A12EE008AC0AA /* AuthManager.swift */; };
		ED8FB51A2C910F7B00DFB478 /* GoogleService-Info.plist in Resources */ = {isa = PBXBuildFile; fileRef = ED8FB5192C910F7B00DFB478 /* GoogleService-Info.plist */; };
		ED8FB51B2C910F7B00DFB478 /* GoogleService-Info.plist in Resources */ = {isa = PBXBuildFile; fileRef = ED8FB5192C910F7B00DFB478 /* GoogleService-Info.plist */; };
		EDF7E5172CEC3D6D00C5B449 /* StudentClassListView.swift in Sources */ = {isa = PBXBuildFile; fileRef = EDF7E5162CEC3D6D00C5B449 /* StudentClassListView.swift */; };
/* End PBXBuildFile section */

/* Begin PBXContainerItemProxy section */
		3E8F6AEF2BCBD5CE003C4160 /* PBXContainerItemProxy */ = {
			isa = PBXContainerItemProxy;
			containerPortal = 3E8F6AD62BCBD5CC003C4160 /* Project object */;
			proxyType = 1;
			remoteGlobalIDString = 3E8F6ADD2BCBD5CC003C4160;
			remoteInfo = Appause_TeamF12_HTr;
		};
		3EB48E1A2CBE907A00B41BAD /* PBXContainerItemProxy */ = {
			isa = PBXContainerItemProxy;
			containerPortal = 3E8F6AD62BCBD5CC003C4160 /* Project object */;
			proxyType = 1;
			remoteGlobalIDString = 3E8F6ADD2BCBD5CC003C4160;
			remoteInfo = Appause;
		};
/* End PBXContainerItemProxy section */

/* Begin PBXFileReference section */
		001AC1802C9A1CA000BC8266 /* TeacherScheduleView.swift */ = {isa = PBXFileReference; lastKnownFileType = sourcecode.swift; path = TeacherScheduleView.swift; sourceTree = "<group>"; };
		3E0956D62BD1D0C10037B462 /* GlobalStyleVar.swift */ = {isa = PBXFileReference; lastKnownFileType = sourcecode.swift; path = GlobalStyleVar.swift; sourceTree = "<group>"; };
		3E0956D82BD1E79A0037B462 /* StudentConnectCodeView.swift */ = {isa = PBXFileReference; lastKnownFileType = sourcecode.swift; path = StudentConnectCodeView.swift; sourceTree = "<group>"; };
		3E09D9DA2BD8655F008324B7 /* ForgotPasswordView.swift */ = {isa = PBXFileReference; fileEncoding = 4; lastKnownFileType = sourcecode.swift; path = ForgotPasswordView.swift; sourceTree = "<group>"; };
		3E100B182CAC11410006E0D3 /* PasswordRequirementsTests.swift */ = {isa = PBXFileReference; lastKnownFileType = sourcecode.swift; path = PasswordRequirementsTests.swift; sourceTree = "<group>"; };
		3E100B1A2CAC11AE0006E0D3 /* EmailValidationTest.swift */ = {isa = PBXFileReference; lastKnownFileType = sourcecode.swift; path = EmailValidationTest.swift; sourceTree = "<group>"; };
		3E1737412BD8A29A00D0F290 /* PWCodeVerificationView.swift */ = {isa = PBXFileReference; lastKnownFileType = sourcecode.swift; path = PWCodeVerificationView.swift; sourceTree = "<group>"; };
		3E1737432BD8A2B200D0F290 /* ResetPasswordView.swift */ = {isa = PBXFileReference; lastKnownFileType = sourcecode.swift; path = ResetPasswordView.swift; sourceTree = "<group>"; };
		3E17374B2BD8A37A00D0F290 /* StudentAppRequestView.swift */ = {isa = PBXFileReference; lastKnownFileType = sourcecode.swift; path = StudentAppRequestView.swift; sourceTree = "<group>"; };
		3E17374D2BD8A39400D0F290 /* StudentDeleteAdminView.swift */ = {isa = PBXFileReference; lastKnownFileType = sourcecode.swift; path = StudentDeleteAdminView.swift; sourceTree = "<group>"; };
		3E17374F2BD8A47A00D0F290 /* TeacherUserRequestView.swift */ = {isa = PBXFileReference; lastKnownFileType = sourcecode.swift; path = TeacherUserRequestView.swift; sourceTree = "<group>"; };
		3E1737512BD8A48F00D0F290 /* TeacherWhitelist.swift */ = {isa = PBXFileReference; lastKnownFileType = sourcecode.swift; path = TeacherWhitelist.swift; sourceTree = "<group>"; };
		3E1737532BD8A4A300D0F290 /* TeacherManageUsers.swift */ = {isa = PBXFileReference; lastKnownFileType = sourcecode.swift; path = TeacherManageUsers.swift; sourceTree = "<group>"; };
		3E1737552BD8A4BC00D0F290 /* TeacherDeleteStudentView.swift */ = {isa = PBXFileReference; lastKnownFileType = sourcecode.swift; path = TeacherDeleteStudentView.swift; sourceTree = "<group>"; };
		3E1737572BD8A4CA00D0F290 /* TeacherConnectCodeView.swift */ = {isa = PBXFileReference; lastKnownFileType = sourcecode.swift; path = TeacherConnectCodeView.swift; sourceTree = "<group>"; };
		3E1737592BD8A5B400D0F290 /* TeacherMasterControlView.swift */ = {isa = PBXFileReference; lastKnownFileType = sourcecode.swift; path = TeacherMasterControlView.swift; sourceTree = "<group>"; };
		3E17375B2BD8A69600D0F290 /* TeacherAppDescription.swift */ = {isa = PBXFileReference; lastKnownFileType = sourcecode.swift; path = TeacherAppDescription.swift; sourceTree = "<group>"; };
		3E17375D2BD8A6C200D0F290 /* TimerViewModel.swift */ = {isa = PBXFileReference; lastKnownFileType = sourcecode.swift; path = TimerViewModel.swift; sourceTree = "<group>"; };
		3E17375F2BD8A6F700D0F290 /* TeacherAllRequestsView.swift */ = {isa = PBXFileReference; lastKnownFileType = sourcecode.swift; path = TeacherAllRequestsView.swift; sourceTree = "<group>"; };
		3E1737612BD8A73300D0F290 /* RequestData.swift */ = {isa = PBXFileReference; lastKnownFileType = sourcecode.swift; path = RequestData.swift; sourceTree = "<group>"; };
		3E35C4E72CBF69940012357A /* TeacherAddScheduleView.swift */ = {isa = PBXFileReference; lastKnownFileType = sourcecode.swift; path = TeacherAddScheduleView.swift; sourceTree = "<group>"; };
		3E4FD4D22CD07C5100174942 /* UnblockRequestView.swift */ = {isa = PBXFileReference; lastKnownFileType = sourcecode.swift; path = UnblockRequestView.swift; sourceTree = "<group>"; };
		3E4FD4D42CD07C8B00174942 /* studentRequestUnlockView.swift */ = {isa = PBXFileReference; lastKnownFileType = sourcecode.swift; path = studentRequestUnlockView.swift; sourceTree = "<group>"; };
		3E79A6562CE40F0100A2A5B6 /* TeacherManageClasses.swift */ = {isa = PBXFileReference; lastKnownFileType = sourcecode.swift; path = TeacherManageClasses.swift; sourceTree = "<group>"; };
		3E79A65A2CE43E9400A2A5B6 /* unblockRequestViewUITests.swift */ = {isa = PBXFileReference; lastKnownFileType = sourcecode.swift; path = unblockRequestViewUITests.swift; sourceTree = "<group>"; };
		3E79A6602CE4B39900A2A5B6 /* TeacherRegisterView.swift */ = {isa = PBXFileReference; lastKnownFileType = sourcecode.swift; path = TeacherRegisterView.swift; sourceTree = "<group>"; };
		3E79A6622CE4B3B400A2A5B6 /* StudentRegisterView.swift */ = {isa = PBXFileReference; lastKnownFileType = sourcecode.swift; path = StudentRegisterView.swift; sourceTree = "<group>"; };
		3E79A6642CE4BA1F00A2A5B6 /* EmailValidationStudent.swift */ = {isa = PBXFileReference; lastKnownFileType = sourcecode.swift; path = EmailValidationStudent.swift; sourceTree = "<group>"; };
		3E79A6682CE4BE9E00A2A5B6 /* TeacherAllRequestAppsUITests.swift */ = {isa = PBXFileReference; lastKnownFileType = sourcecode.swift; path = TeacherAllRequestAppsUITests.swift; sourceTree = "<group>"; };
		3E8964822C9A907200C75B38 /* TeacherBlacklist.swift */ = {isa = PBXFileReference; lastKnownFileType = sourcecode.swift; path = TeacherBlacklist.swift; sourceTree = "<group>"; };
		3E8AE2952C90213B00ABDA6E /* AppauseApp.swift */ = {isa = PBXFileReference; lastKnownFileType = sourcecode.swift; path = AppauseApp.swift; sourceTree = "<group>"; };
		3E8F6ADE2BCBD5CC003C4160 /* Appause.app */ = {isa = PBXFileReference; explicitFileType = wrapper.application; includeInIndex = 0; path = Appause.app; sourceTree = BUILT_PRODUCTS_DIR; };
		3E8F6AE32BCBD5CC003C4160 /* ContentView.swift */ = {isa = PBXFileReference; lastKnownFileType = sourcecode.swift; path = ContentView.swift; sourceTree = "<group>"; };
		3E8F6AE52BCBD5CE003C4160 /* Assets.xcassets */ = {isa = PBXFileReference; lastKnownFileType = folder.assetcatalog; path = Assets.xcassets; sourceTree = "<group>"; };
		3E8F6AE82BCBD5CE003C4160 /* Preview Assets.xcassets */ = {isa = PBXFileReference; lastKnownFileType = folder.assetcatalog; path = "Preview Assets.xcassets"; sourceTree = "<group>"; };
		3E8F6AEE2BCBD5CE003C4160 /* AppauseTests.xctest */ = {isa = PBXFileReference; explicitFileType = wrapper.cfbundle; includeInIndex = 0; path = AppauseTests.xctest; sourceTree = BUILT_PRODUCTS_DIR; };
		3E8F6AF22BCBD5CE003C4160 /* AppauseTests.swift */ = {isa = PBXFileReference; lastKnownFileType = sourcecode.swift; path = AppauseTests.swift; sourceTree = "<group>"; };
		3E8F6B162BCBD8EE003C4160 /* EULAView.swift */ = {isa = PBXFileReference; lastKnownFileType = sourcecode.swift; path = EULAView.swift; sourceTree = "<group>"; };
		3EA44B202BCF437B00732432 /* LoginView.swift */ = {isa = PBXFileReference; lastKnownFileType = sourcecode.swift; path = LoginView.swift; sourceTree = "<group>"; };
		3EA44B242BCF43DF00732432 /* SelectRegistrationView.swift */ = {isa = PBXFileReference; lastKnownFileType = sourcecode.swift; path = SelectRegistrationView.swift; sourceTree = "<group>"; };
		3EA44B262BCF43F100732432 /* StudentMainView.swift */ = {isa = PBXFileReference; lastKnownFileType = sourcecode.swift; path = StudentMainView.swift; sourceTree = "<group>"; };
		3EA44B282BCF440F00732432 /* TeacherMainView.swift */ = {isa = PBXFileReference; lastKnownFileType = sourcecode.swift; path = TeacherMainView.swift; sourceTree = "<group>"; };
		3EA9F4132CBE91FF008903AD /* StudentSignUpUITests.swift */ = {isa = PBXFileReference; lastKnownFileType = sourcecode.swift; path = StudentSignUpUITests.swift; sourceTree = "<group>"; };
		3EA9F4152CBE922E008903AD /* TeacherSignUpUITests.swift */ = {isa = PBXFileReference; lastKnownFileType = sourcecode.swift; path = TeacherSignUpUITests.swift; sourceTree = "<group>"; };
		3EA9F4172CBE9256008903AD /* StudentSignInUITests.swift */ = {isa = PBXFileReference; lastKnownFileType = sourcecode.swift; path = StudentSignInUITests.swift; sourceTree = "<group>"; };
		3EA9F4192CBE9280008903AD /* TeacherSignInUITests.swift */ = {isa = PBXFileReference; lastKnownFileType = sourcecode.swift; path = TeacherSignInUITests.swift; sourceTree = "<group>"; };
		3EB1806B2CEE39900094B7E7 /* UnitTest.swift */ = {isa = PBXFileReference; lastKnownFileType = sourcecode.swift; path = UnitTest.swift; sourceTree = "<group>"; };
		3EB48E142CBE907A00B41BAD /* AppauseUITests.xctest */ = {isa = PBXFileReference; explicitFileType = wrapper.cfbundle; includeInIndex = 0; path = AppauseUITests.xctest; sourceTree = BUILT_PRODUCTS_DIR; };
		3EB48E162CBE907A00B41BAD /* AppauseUITests.swift */ = {isa = PBXFileReference; lastKnownFileType = sourcecode.swift; path = AppauseUITests.swift; sourceTree = "<group>"; };
		3EB48E182CBE907A00B41BAD /* AppauseUITestsLaunchTests.swift */ = {isa = PBXFileReference; lastKnownFileType = sourcecode.swift; path = AppauseUITestsLaunchTests.swift; sourceTree = "<group>"; };
		3EE621402CDADB2200F18F4A /* FeedbackFormView.swift */ = {isa = PBXFileReference; lastKnownFileType = sourcecode.swift; path = FeedbackFormView.swift; sourceTree = "<group>"; };
		89968FA72CD0685500E7BC50 /* PermanentSchedules.swift */ = {isa = PBXFileReference; lastKnownFileType = sourcecode.swift; path = PermanentSchedules.swift; sourceTree = "<group>"; };
		89968FA92CD0697A00E7BC50 /* ScheduleDatabaseManager.swift */ = {isa = PBXFileReference; lastKnownFileType = sourcecode.swift; path = ScheduleDatabaseManager.swift; sourceTree = "<group>"; };
		9B20E1F12CBF6448001F2491 /* enrolledClassView.swift */ = {isa = PBXFileReference; lastKnownFileType = sourcecode.swift; path = enrolledClassView.swift; sourceTree = "<group>"; };
		9B20E1F32CBF647B001F2491 /* classModel.swift */ = {isa = PBXFileReference; lastKnownFileType = sourcecode.swift; path = classModel.swift; sourceTree = "<group>"; };
		9B20E1F72CBF6501001F2491 /* FirestoreManager.swift */ = {isa = PBXFileReference; lastKnownFileType = sourcecode.swift; path = FirestoreManager.swift; sourceTree = "<group>"; };
		9B20E1F92CBF90C9001F2491 /* studentRequestUnlockView.swift */ = {isa = PBXFileReference; lastKnownFileType = sourcecode.swift; path = studentRequestUnlockView.swift; sourceTree = "<group>"; };
		9B53910B2CCB0029006B254F /* unlockRequestList.swift */ = {isa = PBXFileReference; lastKnownFileType = sourcecode.swift; path = unlockRequestList.swift; sourceTree = "<group>"; };
		9B53910F2CD0053A006B254F /* registerClassView.swift */ = {isa = PBXFileReference; lastKnownFileType = sourcecode.swift; path = registerClassView.swift; sourceTree = "<group>"; };
		C804F9E32CB8C59600E6B5B7 /* ClassIDGenerationView.swift */ = {isa = PBXFileReference; lastKnownFileType = sourcecode.swift; path = ClassIDGenerationView.swift; sourceTree = "<group>"; };
		C80DE10E2CDB3CFF0036E722 /* TeacherClassListView.swift */ = {isa = PBXFileReference; lastKnownFileType = sourcecode.swift; path = TeacherClassListView.swift; sourceTree = "<group>"; };
		C81713DA2C9BD75D00362C37 /* AdminRequestsView.swift */ = {isa = PBXFileReference; lastKnownFileType = sourcecode.swift; path = AdminRequestsView.swift; sourceTree = "<group>"; };
		C8B0A60D2CA64C8F009C0D92 /* BluetoothManagerView.swift */ = {isa = PBXFileReference; lastKnownFileType = sourcecode.swift; path = BluetoothManagerView.swift; sourceTree = "<group>"; };
		C8D38EF42BD35D9E00F0D2BA /* StudentSettingsView.swift */ = {isa = PBXFileReference; lastKnownFileType = sourcecode.swift; path = StudentSettingsView.swift; sourceTree = "<group>"; };
		C8D38EF62BD3881700F0D2BA /* TeacherSettingsView.swift */ = {isa = PBXFileReference; lastKnownFileType = sourcecode.swift; path = TeacherSettingsView.swift; sourceTree = "<group>"; };
		ED2B5A8D2C9A12EE008AC0AA /* AuthManager.swift */ = {isa = PBXFileReference; lastKnownFileType = sourcecode.swift; path = AuthManager.swift; sourceTree = "<group>"; };
		ED8FB5192C910F7B00DFB478 /* GoogleService-Info.plist */ = {isa = PBXFileReference; fileEncoding = 4; lastKnownFileType = text.plist.xml; path = "GoogleService-Info.plist"; sourceTree = "<group>"; };
		EDF7E5162CEC3D6D00C5B449 /* StudentClassListView.swift */ = {isa = PBXFileReference; fileEncoding = 4; lastKnownFileType = sourcecode.swift; path = StudentClassListView.swift; sourceTree = "<group>"; };
/* End PBXFileReference section */

/* Begin PBXFrameworksBuildPhase section */
		3E8F6ADB2BCBD5CC003C4160 /* Frameworks */ = {
			isa = PBXFrameworksBuildPhase;
			buildActionMask = 2147483647;
			files = (
				3E8F6B0D2BCBD77F003C4160 /* KeychainSwift in Frameworks */,
				3EE6213B2CDAD3C200F18F4A /* FirebaseAuth in Frameworks */,
				3EE6213D2CDAD3C200F18F4A /* FirebaseFirestore in Frameworks */,
			);
			runOnlyForDeploymentPostprocessing = 0;
		};
		3E8F6AEB2BCBD5CE003C4160 /* Frameworks */ = {
			isa = PBXFrameworksBuildPhase;
			buildActionMask = 2147483647;
			files = (
			);
			runOnlyForDeploymentPostprocessing = 0;
		};
		3EB48E112CBE907A00B41BAD /* Frameworks */ = {
			isa = PBXFrameworksBuildPhase;
			buildActionMask = 2147483647;
			files = (
			);
			runOnlyForDeploymentPostprocessing = 0;
		};
/* End PBXFrameworksBuildPhase section */

/* Begin PBXGroup section */
		3E8F6AD52BCBD5CC003C4160 = {
			isa = PBXGroup;
			children = (
				3E8F6AE02BCBD5CC003C4160 /* Appause */,
				3E8F6AF12BCBD5CE003C4160 /* AppauseTests */,
				3EB48E152CBE907A00B41BAD /* AppauseUITests */,
				3E8F6ADF2BCBD5CC003C4160 /* Products */,
			);
			sourceTree = "<group>";
		};
		3E8F6ADF2BCBD5CC003C4160 /* Products */ = {
			isa = PBXGroup;
			children = (
				3E8F6ADE2BCBD5CC003C4160 /* Appause.app */,
				3E8F6AEE2BCBD5CE003C4160 /* AppauseTests.xctest */,
				3EB48E142CBE907A00B41BAD /* AppauseUITests.xctest */,
			);
			name = Products;
			sourceTree = "<group>";
		};
		3E8F6AE02BCBD5CC003C4160 /* Appause */ = {
			isa = PBXGroup;
			children = (
				C81713DA2C9BD75D00362C37 /* AdminRequestsView.swift */,
				3E8AE2952C90213B00ABDA6E /* AppauseApp.swift */,
				3E8F6AE52BCBD5CE003C4160 /* Assets.xcassets */,
				C8B0A60D2CA64C8F009C0D92 /* BluetoothManagerView.swift */,
				C804F9E32CB8C59600E6B5B7 /* ClassIDGenerationView.swift */,
				3E8F6AE32BCBD5CC003C4160 /* ContentView.swift */,
				9B20E1F12CBF6448001F2491 /* enrolledClassView.swift */,
				3E8F6B162BCBD8EE003C4160 /* EULAView.swift */,
				ED8FB51D2C910F8C00DFB478 /* Firebase */,
				9B20E1F72CBF6501001F2491 /* FirestoreManager.swift */,
				3E09D9DA2BD8655F008324B7 /* ForgotPasswordView.swift */,
				3E0956D62BD1D0C10037B462 /* GlobalStyleVar.swift */,
				3EA44B202BCF437B00732432 /* LoginView.swift */,
				89968FA72CD0685500E7BC50 /* PermanentSchedules.swift */,
				3E8F6AE72BCBD5CE003C4160 /* Preview Content */,
				3EE621402CDADB2200F18F4A /* FeedbackFormView.swift */,
				3E79A6622CE4B3B400A2A5B6 /* StudentRegisterView.swift */,
				3E1737412BD8A29A00D0F290 /* PWCodeVerificationView.swift */,
				9B53910F2CD0053A006B254F /* registerClassView.swift */,
				3E1737612BD8A73300D0F290 /* RequestData.swift */,
				3E1737432BD8A2B200D0F290 /* ResetPasswordView.swift */,
				89968FA92CD0697A00E7BC50 /* ScheduleDatabaseManager.swift */,
				3EA44B242BCF43DF00732432 /* SelectRegistrationView.swift */,
				3E17374B2BD8A37A00D0F290 /* StudentAppRequestView.swift */,
				3E0956D82BD1E79A0037B462 /* StudentConnectCodeView.swift */,
				3E17374D2BD8A39400D0F290 /* StudentDeleteAdminView.swift */,
				3EA44B262BCF43F100732432 /* StudentMainView.swift */,
				EDF7E5162CEC3D6D00C5B449 /* StudentClassListView.swift */,
				9B20E1F92CBF90C9001F2491 /* studentRequestUnlockView.swift */,
				C8D38EF42BD35D9E00F0D2BA /* StudentSettingsView.swift */,
				3E4FD4D42CD07C8B00174942 /* studentRequestUnlockView.swift */,
				3E35C4E72CBF69940012357A /* TeacherAddScheduleView.swift */,
				3E17375F2BD8A6F700D0F290 /* TeacherAllRequestsView.swift */,
				3E79A6602CE4B39900A2A5B6 /* TeacherRegisterView.swift */,
				3E17375B2BD8A69600D0F290 /* TeacherAppDescription.swift */,
				3E8964822C9A907200C75B38 /* TeacherBlacklist.swift */,
				C80DE10E2CDB3CFF0036E722 /* TeacherClassListView.swift */,
				3E1737572BD8A4CA00D0F290 /* TeacherConnectCodeView.swift */,
				3E1737552BD8A4BC00D0F290 /* TeacherDeleteStudentView.swift */,
				3EA44B282BCF440F00732432 /* TeacherMainView.swift */,
				3E79A6562CE40F0100A2A5B6 /* TeacherManageClasses.swift */,
				3E1737532BD8A4A300D0F290 /* TeacherManageUsers.swift */,
				3E1737592BD8A5B400D0F290 /* TeacherMasterControlView.swift */,
				001AC1802C9A1CA000BC8266 /* TeacherScheduleView.swift */,
				C8D38EF62BD3881700F0D2BA /* TeacherSettingsView.swift */,
				3E17374F2BD8A47A00D0F290 /* TeacherUserRequestView.swift */,
				3E1737512BD8A48F00D0F290 /* TeacherWhitelist.swift */,
				3E17375D2BD8A6C200D0F290 /* TimerViewModel.swift */,
				3E4FD4D22CD07C5100174942 /* UnblockRequestView.swift */,
				9B53910B2CCB0029006B254F /* unlockRequestList.swift */,
			);
			path = Appause;
			sourceTree = "<group>";
		};
		3E8F6AE72BCBD5CE003C4160 /* Preview Content */ = {
			isa = PBXGroup;
			children = (
				3E8F6AE82BCBD5CE003C4160 /* Preview Assets.xcassets */,
			);
			path = "Preview Content";
			sourceTree = "<group>";
		};
		3E8F6AF12BCBD5CE003C4160 /* AppauseTests */ = {
			isa = PBXGroup;
			children = (
				3E8F6AF22BCBD5CE003C4160 /* AppauseTests.swift */,
				3E100B182CAC11410006E0D3 /* PasswordRequirementsTests.swift */,
				3E100B1A2CAC11AE0006E0D3 /* EmailValidationTest.swift */,
				3E79A6642CE4BA1F00A2A5B6 /* EmailValidationStudent.swift */,
				3EB1806B2CEE39900094B7E7 /* UnitTest.swift */,
			);
			path = AppauseTests;
			sourceTree = "<group>";
		};
		3EB48E152CBE907A00B41BAD /* AppauseUITests */ = {
			isa = PBXGroup;
			children = (
				3EB48E162CBE907A00B41BAD /* AppauseUITests.swift */,
				3EB48E182CBE907A00B41BAD /* AppauseUITestsLaunchTests.swift */,
				3EA9F4132CBE91FF008903AD /* StudentSignUpUITests.swift */,
				3EA9F4152CBE922E008903AD /* TeacherSignUpUITests.swift */,
				3EA9F4172CBE9256008903AD /* StudentSignInUITests.swift */,
				3EA9F4192CBE9280008903AD /* TeacherSignInUITests.swift */,
				3E79A65A2CE43E9400A2A5B6 /* unblockRequestViewUITests.swift */,
				3E79A6682CE4BE9E00A2A5B6 /* TeacherAllRequestAppsUITests.swift */,
			);
			path = AppauseUITests;
			sourceTree = "<group>";
		};
		ED8FB51D2C910F8C00DFB478 /* Firebase */ = {
			isa = PBXGroup;
			children = (
				ED8FB5192C910F7B00DFB478 /* GoogleService-Info.plist */,
				ED2B5A8D2C9A12EE008AC0AA /* AuthManager.swift */,
				9B20E1F32CBF647B001F2491 /* classModel.swift */,
			);
			path = Firebase;
			sourceTree = "<group>";
		};
/* End PBXGroup section */

/* Begin PBXNativeTarget section */
		3E8F6ADD2BCBD5CC003C4160 /* Appause */ = {
			isa = PBXNativeTarget;
			buildConfigurationList = 3E8F6B022BCBD5CE003C4160 /* Build configuration list for PBXNativeTarget "Appause" */;
			buildPhases = (
				3E8F6ADA2BCBD5CC003C4160 /* Sources */,
				3E8F6ADB2BCBD5CC003C4160 /* Frameworks */,
				3E8F6ADC2BCBD5CC003C4160 /* Resources */,
			);
			buildRules = (
			);
			dependencies = (
			);
			name = Appause;
			packageProductDependencies = (
				3E8F6B0C2BCBD77F003C4160 /* KeychainSwift */,
				3EE6213A2CDAD3C200F18F4A /* FirebaseAuth */,
				3EE6213C2CDAD3C200F18F4A /* FirebaseFirestore */,
			);
			productName = Appause_TeamF12_HTr;
			productReference = 3E8F6ADE2BCBD5CC003C4160 /* Appause.app */;
			productType = "com.apple.product-type.application";
		};
		3E8F6AED2BCBD5CE003C4160 /* AppauseTests */ = {
			isa = PBXNativeTarget;
			buildConfigurationList = 3E8F6B052BCBD5CE003C4160 /* Build configuration list for PBXNativeTarget "AppauseTests" */;
			buildPhases = (
				3E8F6AEA2BCBD5CE003C4160 /* Sources */,
				3E8F6AEB2BCBD5CE003C4160 /* Frameworks */,
				3E8F6AEC2BCBD5CE003C4160 /* Resources */,
			);
			buildRules = (
			);
			dependencies = (
				3E8F6AF02BCBD5CE003C4160 /* PBXTargetDependency */,
			);
			name = AppauseTests;
			productName = Appause_TeamF12_HTrTests;
			productReference = 3E8F6AEE2BCBD5CE003C4160 /* AppauseTests.xctest */;
			productType = "com.apple.product-type.bundle.unit-test";
		};
		3EB48E132CBE907A00B41BAD /* AppauseUITests */ = {
			isa = PBXNativeTarget;
			buildConfigurationList = 3EB48E1C2CBE907A00B41BAD /* Build configuration list for PBXNativeTarget "AppauseUITests" */;
			buildPhases = (
				3EB48E102CBE907A00B41BAD /* Sources */,
				3EB48E112CBE907A00B41BAD /* Frameworks */,
				3EB48E122CBE907A00B41BAD /* Resources */,
			);
			buildRules = (
			);
			dependencies = (
				3EB48E1B2CBE907A00B41BAD /* PBXTargetDependency */,
			);
			name = AppauseUITests;
			productName = AppauseUITests;
			productReference = 3EB48E142CBE907A00B41BAD /* AppauseUITests.xctest */;
			productType = "com.apple.product-type.bundle.ui-testing";
		};
/* End PBXNativeTarget section */

/* Begin PBXProject section */
		3E8F6AD62BCBD5CC003C4160 /* Project object */ = {
			isa = PBXProject;
			attributes = {
				BuildIndependentTargetsInParallel = 1;
				LastSwiftUpdateCheck = 1530;
				LastUpgradeCheck = 1600;
				TargetAttributes = {
					3E8F6ADD2BCBD5CC003C4160 = {
						CreatedOnToolsVersion = 15.2;
					};
					3E8F6AED2BCBD5CE003C4160 = {
						CreatedOnToolsVersion = 15.2;
						TestTargetID = 3E8F6ADD2BCBD5CC003C4160;
					};
					3EB48E132CBE907A00B41BAD = {
						CreatedOnToolsVersion = 15.3;
						TestTargetID = 3E8F6ADD2BCBD5CC003C4160;
					};
				};
			};
			buildConfigurationList = 3E8F6AD92BCBD5CC003C4160 /* Build configuration list for PBXProject "Appause" */;
			compatibilityVersion = "Xcode 14.0";
			developmentRegion = en;
			hasScannedForEncodings = 0;
			knownRegions = (
				en,
				Base,
			);
			mainGroup = 3E8F6AD52BCBD5CC003C4160;
			packageReferences = (
				3E8F6B0B2BCBD77F003C4160 /* XCRemoteSwiftPackageReference "keychain-swift" */,
				3EE621392CDAD3C200F18F4A /* XCRemoteSwiftPackageReference "firebase-ios-sdk" */,
			);
			productRefGroup = 3E8F6ADF2BCBD5CC003C4160 /* Products */;
			projectDirPath = "";
			projectRoot = "";
			targets = (
				3E8F6ADD2BCBD5CC003C4160 /* Appause */,
				3E8F6AED2BCBD5CE003C4160 /* AppauseTests */,
				3EB48E132CBE907A00B41BAD /* AppauseUITests */,
			);
		};
/* End PBXProject section */

/* Begin PBXResourcesBuildPhase section */
		3E8F6ADC2BCBD5CC003C4160 /* Resources */ = {
			isa = PBXResourcesBuildPhase;
			buildActionMask = 2147483647;
			files = (
				3E8F6AE92BCBD5CE003C4160 /* Preview Assets.xcassets in Resources */,
				ED8FB51A2C910F7B00DFB478 /* GoogleService-Info.plist in Resources */,
				3E8F6AE62BCBD5CE003C4160 /* Assets.xcassets in Resources */,
			);
			runOnlyForDeploymentPostprocessing = 0;
		};
		3E8F6AEC2BCBD5CE003C4160 /* Resources */ = {
			isa = PBXResourcesBuildPhase;
			buildActionMask = 2147483647;
			files = (
				ED8FB51B2C910F7B00DFB478 /* GoogleService-Info.plist in Resources */,
			);
			runOnlyForDeploymentPostprocessing = 0;
		};
		3EB48E122CBE907A00B41BAD /* Resources */ = {
			isa = PBXResourcesBuildPhase;
			buildActionMask = 2147483647;
			files = (
			);
			runOnlyForDeploymentPostprocessing = 0;
		};
/* End PBXResourcesBuildPhase section */

/* Begin PBXSourcesBuildPhase section */
		3E8F6ADA2BCBD5CC003C4160 /* Sources */ = {
			isa = PBXSourcesBuildPhase;
			buildActionMask = 2147483647;
			files = (
				9B20E1F42CBF647B001F2491 /* classModel.swift in Sources */,
				9B20E1F82CBF6502001F2491 /* FirestoreManager.swift in Sources */,
				3EA44B272BCF43F100732432 /* StudentMainView.swift in Sources */,
				3E8F6B172BCBD8EE003C4160 /* EULAView.swift in Sources */,
				3E8AE2962C90213B00ABDA6E /* AppauseApp.swift in Sources */,
				3EA44B252BCF43DF00732432 /* SelectRegistrationView.swift in Sources */,
				3E1737522BD8A48F00D0F290 /* TeacherWhitelist.swift in Sources */,
				3E8964832C9A907200C75B38 /* TeacherBlacklist.swift in Sources */,
				3EA12E342CDA11C200D5E80D /* UnblockRequestView.swift in Sources */,
				9B5391102CD0053A006B254F /* registerClassView.swift in Sources */,
				3E79A6612CE4B39900A2A5B6 /* TeacherRegisterView.swift in Sources */,
				3E17374E2BD8A39400D0F290 /* StudentDeleteAdminView.swift in Sources */,
				C8D38EF52BD35D9E00F0D2BA /* StudentSettingsView.swift in Sources */,
				9B20E1FA2CBF90CA001F2491 /* studentRequestUnlockView.swift in Sources */,
				C8B0A60E2CA64C8F009C0D92 /* BluetoothManagerView.swift in Sources */,
				C80DE10F2CDB3CFF0036E722 /* TeacherClassListView.swift in Sources */,
				3E8F6AE42BCBD5CC003C4160 /* ContentView.swift in Sources */,
				3E1737582BD8A4CA00D0F290 /* TeacherConnectCodeView.swift in Sources */,
				3E35C4E82CBF69940012357A /* TeacherAddScheduleView.swift in Sources */,
				3E0956D72BD1D0C10037B462 /* GlobalStyleVar.swift in Sources */,
				ED2B5A8E2C9A12EE008AC0AA /* AuthManager.swift in Sources */,
				3E17374C2BD8A37A00D0F290 /* StudentAppRequestView.swift in Sources */,
				3EE621412CDADB2200F18F4A /* FeedbackFormView.swift in Sources */,
				3E1737542BD8A4A300D0F290 /* TeacherManageUsers.swift in Sources */,
				3E1737422BD8A29A00D0F290 /* PWCodeVerificationView.swift in Sources */,
				EDF7E5172CEC3D6D00C5B449 /* StudentClassListView.swift in Sources */,
				9B53910C2CCB0029006B254F /* unlockRequestList.swift in Sources */,
				3E17375C2BD8A69600D0F290 /* TeacherAppDescription.swift in Sources */,
				3E79A6572CE40F0100A2A5B6 /* TeacherManageClasses.swift in Sources */,
				3E17375A2BD8A5B400D0F290 /* TeacherMasterControlView.swift in Sources */,
				3EA44B292BCF440F00732432 /* TeacherMainView.swift in Sources */,
				3E1737502BD8A47A00D0F290 /* TeacherUserRequestView.swift in Sources */,
				9B20E1F22CBF6448001F2491 /* enrolledClassView.swift in Sources */,
				3E17375E2BD8A6C200D0F290 /* TimerViewModel.swift in Sources */,
				89968FAA2CD0697A00E7BC50 /* ScheduleDatabaseManager.swift in Sources */,
				3EA44B212BCF437C00732432 /* LoginView.swift in Sources */,
				3E0956D92BD1E79A0037B462 /* StudentConnectCodeView.swift in Sources */,
				3E79A6632CE4B3B400A2A5B6 /* StudentRegisterView.swift in Sources */,
				3E1737622BD8A73300D0F290 /* RequestData.swift in Sources */,
				C804F9E42CB8C59600E6B5B7 /* ClassIDGenerationView.swift in Sources */,
				C81713DB2C9BD75D00362C37 /* AdminRequestsView.swift in Sources */,
				89968FA82CD0685500E7BC50 /* PermanentSchedules.swift in Sources */,
				3E09D9DB2BD8655F008324B7 /* ForgotPasswordView.swift in Sources */,
				C8D38EF72BD3881700F0D2BA /* TeacherSettingsView.swift in Sources */,
				001AC1812C9A1CA000BC8266 /* TeacherScheduleView.swift in Sources */,
				3E1737562BD8A4BC00D0F290 /* TeacherDeleteStudentView.swift in Sources */,
				3E1737442BD8A2B200D0F290 /* ResetPasswordView.swift in Sources */,
				3E1737602BD8A6F700D0F290 /* TeacherAllRequestsView.swift in Sources */,
			);
			runOnlyForDeploymentPostprocessing = 0;
		};
		3E8F6AEA2BCBD5CE003C4160 /* Sources */ = {
			isa = PBXSourcesBuildPhase;
			buildActionMask = 2147483647;
			files = (
				3E8F6AF32BCBD5CE003C4160 /* AppauseTests.swift in Sources */,
				3E79A6652CE4BA1F00A2A5B6 /* EmailValidationStudent.swift in Sources */,
				3E100B192CAC11410006E0D3 /* PasswordRequirementsTests.swift in Sources */,
				3E100B1B2CAC11AE0006E0D3 /* EmailValidationTest.swift in Sources */,
				3EB1806C2CEE39900094B7E7 /* UnitTest.swift in Sources */,
			);
			runOnlyForDeploymentPostprocessing = 0;
		};
		3EB48E102CBE907A00B41BAD /* Sources */ = {
			isa = PBXSourcesBuildPhase;
			buildActionMask = 2147483647;
			files = (
				3E79A6692CE4BE9E00A2A5B6 /* TeacherAllRequestAppsUITests.swift in Sources */,
				3EA9F41A2CBE9280008903AD /* TeacherSignInUITests.swift in Sources */,
				3EA9F4162CBE922E008903AD /* TeacherSignUpUITests.swift in Sources */,
				3EB48E192CBE907A00B41BAD /* AppauseUITestsLaunchTests.swift in Sources */,
				3EA9F4182CBE9256008903AD /* StudentSignInUITests.swift in Sources */,
				3E79A65B2CE43E9400A2A5B6 /* unblockRequestViewUITests.swift in Sources */,
				3EB48E172CBE907A00B41BAD /* AppauseUITests.swift in Sources */,
				3EA9F4142CBE91FF008903AD /* StudentSignUpUITests.swift in Sources */,
			);
			runOnlyForDeploymentPostprocessing = 0;
		};
/* End PBXSourcesBuildPhase section */

/* Begin PBXTargetDependency section */
		3E8F6AF02BCBD5CE003C4160 /* PBXTargetDependency */ = {
			isa = PBXTargetDependency;
			target = 3E8F6ADD2BCBD5CC003C4160 /* Appause */;
			targetProxy = 3E8F6AEF2BCBD5CE003C4160 /* PBXContainerItemProxy */;
		};
		3EB48E1B2CBE907A00B41BAD /* PBXTargetDependency */ = {
			isa = PBXTargetDependency;
			target = 3E8F6ADD2BCBD5CC003C4160 /* Appause */;
			targetProxy = 3EB48E1A2CBE907A00B41BAD /* PBXContainerItemProxy */;
		};
/* End PBXTargetDependency section */

/* Begin XCBuildConfiguration section */
		3E8F6B002BCBD5CE003C4160 /* Debug */ = {
			isa = XCBuildConfiguration;
			buildSettings = {
				ALWAYS_SEARCH_USER_PATHS = NO;
				ASSETCATALOG_COMPILER_GENERATE_SWIFT_ASSET_SYMBOL_EXTENSIONS = YES;
				CLANG_ANALYZER_NONNULL = YES;
				CLANG_ANALYZER_NUMBER_OBJECT_CONVERSION = YES_AGGRESSIVE;
				CLANG_CXX_LANGUAGE_STANDARD = "gnu++20";
				CLANG_ENABLE_MODULES = YES;
				CLANG_ENABLE_OBJC_ARC = YES;
				CLANG_ENABLE_OBJC_WEAK = YES;
				CLANG_WARN_BLOCK_CAPTURE_AUTORELEASING = YES;
				CLANG_WARN_BOOL_CONVERSION = YES;
				CLANG_WARN_COMMA = YES;
				CLANG_WARN_CONSTANT_CONVERSION = YES;
				CLANG_WARN_DEPRECATED_OBJC_IMPLEMENTATIONS = YES;
				CLANG_WARN_DIRECT_OBJC_ISA_USAGE = YES_ERROR;
				CLANG_WARN_DOCUMENTATION_COMMENTS = YES;
				CLANG_WARN_EMPTY_BODY = YES;
				CLANG_WARN_ENUM_CONVERSION = YES;
				CLANG_WARN_INFINITE_RECURSION = YES;
				CLANG_WARN_INT_CONVERSION = YES;
				CLANG_WARN_NON_LITERAL_NULL_CONVERSION = YES;
				CLANG_WARN_OBJC_IMPLICIT_RETAIN_SELF = YES;
				CLANG_WARN_OBJC_LITERAL_CONVERSION = YES;
				CLANG_WARN_OBJC_ROOT_CLASS = YES_ERROR;
				CLANG_WARN_QUOTED_INCLUDE_IN_FRAMEWORK_HEADER = YES;
				CLANG_WARN_RANGE_LOOP_ANALYSIS = YES;
				CLANG_WARN_STRICT_PROTOTYPES = YES;
				CLANG_WARN_SUSPICIOUS_MOVE = YES;
				CLANG_WARN_UNGUARDED_AVAILABILITY = YES_AGGRESSIVE;
				CLANG_WARN_UNREACHABLE_CODE = YES;
				CLANG_WARN__DUPLICATE_METHOD_MATCH = YES;
				COPY_PHASE_STRIP = NO;
				DEBUG_INFORMATION_FORMAT = dwarf;
				ENABLE_STRICT_OBJC_MSGSEND = YES;
				ENABLE_TESTABILITY = YES;
				ENABLE_USER_SCRIPT_SANDBOXING = YES;
				GCC_C_LANGUAGE_STANDARD = gnu17;
				GCC_DYNAMIC_NO_PIC = NO;
				GCC_NO_COMMON_BLOCKS = YES;
				GCC_OPTIMIZATION_LEVEL = 0;
				GCC_PREPROCESSOR_DEFINITIONS = (
					"DEBUG=1",
					"$(inherited)",
				);
				GCC_WARN_64_TO_32_BIT_CONVERSION = YES;
				GCC_WARN_ABOUT_RETURN_TYPE = YES_ERROR;
				GCC_WARN_UNDECLARED_SELECTOR = YES;
				GCC_WARN_UNINITIALIZED_AUTOS = YES_AGGRESSIVE;
				GCC_WARN_UNUSED_FUNCTION = YES;
				GCC_WARN_UNUSED_VARIABLE = YES;
				IPHONEOS_DEPLOYMENT_TARGET = 17.2;
				LOCALIZATION_PREFERS_STRING_CATALOGS = YES;
				MTL_ENABLE_DEBUG_INFO = INCLUDE_SOURCE;
				MTL_FAST_MATH = YES;
				ONLY_ACTIVE_ARCH = YES;
				SDKROOT = iphoneos;
				SWIFT_ACTIVE_COMPILATION_CONDITIONS = "DEBUG $(inherited)";
				SWIFT_OPTIMIZATION_LEVEL = "-Onone";
			};
			name = Debug;
		};
		3E8F6B012BCBD5CE003C4160 /* Release */ = {
			isa = XCBuildConfiguration;
			buildSettings = {
				ALWAYS_SEARCH_USER_PATHS = NO;
				ASSETCATALOG_COMPILER_GENERATE_SWIFT_ASSET_SYMBOL_EXTENSIONS = YES;
				CLANG_ANALYZER_NONNULL = YES;
				CLANG_ANALYZER_NUMBER_OBJECT_CONVERSION = YES_AGGRESSIVE;
				CLANG_CXX_LANGUAGE_STANDARD = "gnu++20";
				CLANG_ENABLE_MODULES = YES;
				CLANG_ENABLE_OBJC_ARC = YES;
				CLANG_ENABLE_OBJC_WEAK = YES;
				CLANG_WARN_BLOCK_CAPTURE_AUTORELEASING = YES;
				CLANG_WARN_BOOL_CONVERSION = YES;
				CLANG_WARN_COMMA = YES;
				CLANG_WARN_CONSTANT_CONVERSION = YES;
				CLANG_WARN_DEPRECATED_OBJC_IMPLEMENTATIONS = YES;
				CLANG_WARN_DIRECT_OBJC_ISA_USAGE = YES_ERROR;
				CLANG_WARN_DOCUMENTATION_COMMENTS = YES;
				CLANG_WARN_EMPTY_BODY = YES;
				CLANG_WARN_ENUM_CONVERSION = YES;
				CLANG_WARN_INFINITE_RECURSION = YES;
				CLANG_WARN_INT_CONVERSION = YES;
				CLANG_WARN_NON_LITERAL_NULL_CONVERSION = YES;
				CLANG_WARN_OBJC_IMPLICIT_RETAIN_SELF = YES;
				CLANG_WARN_OBJC_LITERAL_CONVERSION = YES;
				CLANG_WARN_OBJC_ROOT_CLASS = YES_ERROR;
				CLANG_WARN_QUOTED_INCLUDE_IN_FRAMEWORK_HEADER = YES;
				CLANG_WARN_RANGE_LOOP_ANALYSIS = YES;
				CLANG_WARN_STRICT_PROTOTYPES = YES;
				CLANG_WARN_SUSPICIOUS_MOVE = YES;
				CLANG_WARN_UNGUARDED_AVAILABILITY = YES_AGGRESSIVE;
				CLANG_WARN_UNREACHABLE_CODE = YES;
				CLANG_WARN__DUPLICATE_METHOD_MATCH = YES;
				COPY_PHASE_STRIP = NO;
				DEBUG_INFORMATION_FORMAT = "dwarf-with-dsym";
				ENABLE_NS_ASSERTIONS = NO;
				ENABLE_STRICT_OBJC_MSGSEND = YES;
				ENABLE_USER_SCRIPT_SANDBOXING = YES;
				GCC_C_LANGUAGE_STANDARD = gnu17;
				GCC_NO_COMMON_BLOCKS = YES;
				GCC_WARN_64_TO_32_BIT_CONVERSION = YES;
				GCC_WARN_ABOUT_RETURN_TYPE = YES_ERROR;
				GCC_WARN_UNDECLARED_SELECTOR = YES;
				GCC_WARN_UNINITIALIZED_AUTOS = YES_AGGRESSIVE;
				GCC_WARN_UNUSED_FUNCTION = YES;
				GCC_WARN_UNUSED_VARIABLE = YES;
				IPHONEOS_DEPLOYMENT_TARGET = 17.2;
				LOCALIZATION_PREFERS_STRING_CATALOGS = YES;
				MTL_ENABLE_DEBUG_INFO = NO;
				MTL_FAST_MATH = YES;
				SDKROOT = iphoneos;
				SWIFT_COMPILATION_MODE = wholemodule;
				VALIDATE_PRODUCT = YES;
			};
			name = Release;
		};
		3E8F6B032BCBD5CE003C4160 /* Debug */ = {
			isa = XCBuildConfiguration;
			buildSettings = {
				ASSETCATALOG_COMPILER_APPICON_NAME = AppIcon;
				ASSETCATALOG_COMPILER_GLOBAL_ACCENT_COLOR_NAME = AccentColor;
				CODE_SIGN_IDENTITY = "Apple Development";
				"CODE_SIGN_IDENTITY[sdk=iphoneos*]" = "iPhone Developer";
				CODE_SIGN_STYLE = Manual;
				CREATE_INFOPLIST_SECTION_IN_BINARY = NO;
				CURRENT_PROJECT_VERSION = 1;
				DEVELOPMENT_ASSET_PATHS = "\"Appause/Preview Content\"";
				DEVELOPMENT_TEAM = "";
				"DEVELOPMENT_TEAM[sdk=iphoneos*]" = 53NSY6KM9Q;
				ENABLE_PREVIEWS = YES;
				GENERATE_INFOPLIST_FILE = YES;
				INFOPLIST_KEY_LSApplicationCategoryType = "";
				INFOPLIST_KEY_NSBluetoothAlwaysUsageDescription = "";
				INFOPLIST_KEY_NSFaceIDUsageDescription = "We need Face ID for authentication purposes";
				INFOPLIST_KEY_UIApplicationSceneManifest_Generation = YES;
				INFOPLIST_KEY_UIApplicationSupportsIndirectInputEvents = YES;
				INFOPLIST_KEY_UILaunchScreen_Generation = YES;
				INFOPLIST_KEY_UISupportedInterfaceOrientations_iPad = "UIInterfaceOrientationPortrait UIInterfaceOrientationPortraitUpsideDown UIInterfaceOrientationLandscapeLeft UIInterfaceOrientationLandscapeRight";
				INFOPLIST_KEY_UISupportedInterfaceOrientations_iPhone = "UIInterfaceOrientationPortrait UIInterfaceOrientationLandscapeLeft UIInterfaceOrientationLandscapeRight";
				INFOPLIST_PREPROCESS = YES;
				IPHONEOS_DEPLOYMENT_TARGET = 16.0;
				LD_RUNPATH_SEARCH_PATHS = (
					"$(inherited)",
					"@executable_path/Frameworks",
				);
				MARKETING_VERSION = 1.0;
				PRODUCT_BUNDLE_IDENTIFIER = csus.TmF12.Appause;
				PRODUCT_NAME = "$(TARGET_NAME)";
				PROVISIONING_PROFILE_SPECIFIER = "";
				"PROVISIONING_PROFILE_SPECIFIER[sdk=iphoneos*]" = AppausePL;
				SWIFT_EMIT_LOC_STRINGS = YES;
				SWIFT_VERSION = 5.0;
				TARGETED_DEVICE_FAMILY = "1,2";
			};
			name = Debug;
		};
		3E8F6B042BCBD5CE003C4160 /* Release */ = {
			isa = XCBuildConfiguration;
			buildSettings = {
				ASSETCATALOG_COMPILER_APPICON_NAME = AppIcon;
				ASSETCATALOG_COMPILER_GLOBAL_ACCENT_COLOR_NAME = AccentColor;
				CODE_SIGN_IDENTITY = "Apple Development";
				"CODE_SIGN_IDENTITY[sdk=iphoneos*]" = "iPhone Developer";
				CODE_SIGN_STYLE = Manual;
				CREATE_INFOPLIST_SECTION_IN_BINARY = NO;
				CURRENT_PROJECT_VERSION = 1;
				DEVELOPMENT_ASSET_PATHS = "\"Appause/Preview Content\"";
				DEVELOPMENT_TEAM = "";
				"DEVELOPMENT_TEAM[sdk=iphoneos*]" = 53NSY6KM9Q;
				ENABLE_PREVIEWS = YES;
				GENERATE_INFOPLIST_FILE = YES;
				INFOPLIST_KEY_LSApplicationCategoryType = "";
				INFOPLIST_KEY_NSBluetoothAlwaysUsageDescription = "";
				INFOPLIST_KEY_NSFaceIDUsageDescription = "We need Face ID for authentication purposes";
				INFOPLIST_KEY_UIApplicationSceneManifest_Generation = YES;
				INFOPLIST_KEY_UIApplicationSupportsIndirectInputEvents = YES;
				INFOPLIST_KEY_UILaunchScreen_Generation = YES;
				INFOPLIST_KEY_UISupportedInterfaceOrientations_iPad = "UIInterfaceOrientationPortrait UIInterfaceOrientationPortraitUpsideDown UIInterfaceOrientationLandscapeLeft UIInterfaceOrientationLandscapeRight";
				INFOPLIST_KEY_UISupportedInterfaceOrientations_iPhone = "UIInterfaceOrientationPortrait UIInterfaceOrientationLandscapeLeft UIInterfaceOrientationLandscapeRight";
				INFOPLIST_PREPROCESS = YES;
				IPHONEOS_DEPLOYMENT_TARGET = 16.0;
				LD_RUNPATH_SEARCH_PATHS = (
					"$(inherited)",
					"@executable_path/Frameworks",
				);
				MARKETING_VERSION = 1.0;
				PRODUCT_BUNDLE_IDENTIFIER = csus.TmF12.Appause;
				PRODUCT_NAME = "$(TARGET_NAME)";
				PROVISIONING_PROFILE_SPECIFIER = "";
				"PROVISIONING_PROFILE_SPECIFIER[sdk=iphoneos*]" = AppausePL;
				SWIFT_EMIT_LOC_STRINGS = YES;
				SWIFT_VERSION = 5.0;
				TARGETED_DEVICE_FAMILY = "1,2";
			};
			name = Release;
		};
		3E8F6B062BCBD5CE003C4160 /* Debug */ = {
			isa = XCBuildConfiguration;
			buildSettings = {
				BUNDLE_LOADER = "$(TEST_HOST)";
				"CODE_SIGN_IDENTITY[sdk=iphoneos*]" = "iPhone Developer";
				CODE_SIGN_STYLE = Manual;
				CURRENT_PROJECT_VERSION = 1;
				DEVELOPMENT_TEAM = "";
				"DEVELOPMENT_TEAM[sdk=iphoneos*]" = 53NSY6KM9Q;
				GENERATE_INFOPLIST_FILE = YES;
				IPHONEOS_DEPLOYMENT_TARGET = 17.2;
				MARKETING_VERSION = 1.0;
				PRODUCT_BUNDLE_IDENTIFIER = csus.TmF12.Appause;
				PRODUCT_NAME = "$(TARGET_NAME)";
				PROVISIONING_PROFILE_SPECIFIER = "";
				"PROVISIONING_PROFILE_SPECIFIER[sdk=iphoneos*]" = AppausePL;
				SWIFT_EMIT_LOC_STRINGS = NO;
				SWIFT_VERSION = 5.0;
				TARGETED_DEVICE_FAMILY = "1,2";
				TEST_HOST = "$(BUILT_PRODUCTS_DIR)/Appause.app/$(BUNDLE_EXECUTABLE_FOLDER_PATH)/Appause";
			};
			name = Debug;
		};
		3E8F6B072BCBD5CE003C4160 /* Release */ = {
			isa = XCBuildConfiguration;
			buildSettings = {
				BUNDLE_LOADER = "$(TEST_HOST)";
				"CODE_SIGN_IDENTITY[sdk=iphoneos*]" = "iPhone Developer";
				CODE_SIGN_STYLE = Manual;
				CURRENT_PROJECT_VERSION = 1;
				DEVELOPMENT_TEAM = "";
				"DEVELOPMENT_TEAM[sdk=iphoneos*]" = 53NSY6KM9Q;
				GENERATE_INFOPLIST_FILE = YES;
				IPHONEOS_DEPLOYMENT_TARGET = 17.2;
				MARKETING_VERSION = 1.0;
				PRODUCT_BUNDLE_IDENTIFIER = csus.TmF12.Appause;
				PRODUCT_NAME = "$(TARGET_NAME)";
				PROVISIONING_PROFILE_SPECIFIER = "";
				"PROVISIONING_PROFILE_SPECIFIER[sdk=iphoneos*]" = AppausePL;
				SWIFT_EMIT_LOC_STRINGS = NO;
				SWIFT_VERSION = 5.0;
				TARGETED_DEVICE_FAMILY = "1,2";
				TEST_HOST = "$(BUILT_PRODUCTS_DIR)/Appause.app/$(BUNDLE_EXECUTABLE_FOLDER_PATH)/Appause";
			};
			name = Release;
		};
		3EB48E1D2CBE907A00B41BAD /* Debug */ = {
			isa = XCBuildConfiguration;
			buildSettings = {
				CODE_SIGN_STYLE = Automatic;
				CURRENT_PROJECT_VERSION = 1;
				DEVELOPMENT_TEAM = 9UY79QFFH9;
				GENERATE_INFOPLIST_FILE = YES;
				IPHONEOS_DEPLOYMENT_TARGET = 17.4;
				MARKETING_VERSION = 1.0;
				PRODUCT_BUNDLE_IDENTIFIER = csus.TmF12.Appause.AppauseUITests;
				PRODUCT_NAME = "$(TARGET_NAME)";
				SWIFT_EMIT_LOC_STRINGS = NO;
				SWIFT_VERSION = 5.0;
				TARGETED_DEVICE_FAMILY = "1,2";
				TEST_TARGET_NAME = Appause;
			};
			name = Debug;
		};
		3EB48E1E2CBE907A00B41BAD /* Release */ = {
			isa = XCBuildConfiguration;
			buildSettings = {
				CODE_SIGN_STYLE = Automatic;
				CURRENT_PROJECT_VERSION = 1;
				DEVELOPMENT_TEAM = 9UY79QFFH9;
				GENERATE_INFOPLIST_FILE = YES;
				IPHONEOS_DEPLOYMENT_TARGET = 17.4;
				MARKETING_VERSION = 1.0;
				PRODUCT_BUNDLE_IDENTIFIER = csus.TmF12.Appause.AppauseUITests;
				PRODUCT_NAME = "$(TARGET_NAME)";
				SWIFT_EMIT_LOC_STRINGS = NO;
				SWIFT_VERSION = 5.0;
				TARGETED_DEVICE_FAMILY = "1,2";
				TEST_TARGET_NAME = Appause;
			};
			name = Release;
		};
/* End XCBuildConfiguration section */

/* Begin XCConfigurationList section */
		3E8F6AD92BCBD5CC003C4160 /* Build configuration list for PBXProject "Appause" */ = {
			isa = XCConfigurationList;
			buildConfigurations = (
				3E8F6B002BCBD5CE003C4160 /* Debug */,
				3E8F6B012BCBD5CE003C4160 /* Release */,
			);
			defaultConfigurationIsVisible = 0;
			defaultConfigurationName = Release;
		};
		3E8F6B022BCBD5CE003C4160 /* Build configuration list for PBXNativeTarget "Appause" */ = {
			isa = XCConfigurationList;
			buildConfigurations = (
				3E8F6B032BCBD5CE003C4160 /* Debug */,
				3E8F6B042BCBD5CE003C4160 /* Release */,
			);
			defaultConfigurationIsVisible = 0;
			defaultConfigurationName = Release;
		};
		3E8F6B052BCBD5CE003C4160 /* Build configuration list for PBXNativeTarget "AppauseTests" */ = {
			isa = XCConfigurationList;
			buildConfigurations = (
				3E8F6B062BCBD5CE003C4160 /* Debug */,
				3E8F6B072BCBD5CE003C4160 /* Release */,
			);
			defaultConfigurationIsVisible = 0;
			defaultConfigurationName = Release;
		};
		3EB48E1C2CBE907A00B41BAD /* Build configuration list for PBXNativeTarget "AppauseUITests" */ = {
			isa = XCConfigurationList;
			buildConfigurations = (
				3EB48E1D2CBE907A00B41BAD /* Debug */,
				3EB48E1E2CBE907A00B41BAD /* Release */,
			);
			defaultConfigurationIsVisible = 0;
			defaultConfigurationName = Release;
		};
/* End XCConfigurationList section */

/* Begin XCRemoteSwiftPackageReference section */
		3E8F6B0B2BCBD77F003C4160 /* XCRemoteSwiftPackageReference "keychain-swift" */ = {
			isa = XCRemoteSwiftPackageReference;
			repositoryURL = "https://github.com/evgenyneu/keychain-swift";
			requirement = {
				kind = upToNextMajorVersion;
				minimumVersion = 22.0.0;
			};
		};
		3EE621392CDAD3C200F18F4A /* XCRemoteSwiftPackageReference "firebase-ios-sdk" */ = {
			isa = XCRemoteSwiftPackageReference;
			repositoryURL = "https://github.com/firebase/firebase-ios-sdk";
			requirement = {
				kind = upToNextMajorVersion;
				minimumVersion = 11.4.0;
			};
		};
/* End XCRemoteSwiftPackageReference section */

/* Begin XCSwiftPackageProductDependency section */
		3E8F6B0C2BCBD77F003C4160 /* KeychainSwift */ = {
			isa = XCSwiftPackageProductDependency;
			package = 3E8F6B0B2BCBD77F003C4160 /* XCRemoteSwiftPackageReference "keychain-swift" */;
			productName = KeychainSwift;
		};
		3EE6213A2CDAD3C200F18F4A /* FirebaseAuth */ = {
			isa = XCSwiftPackageProductDependency;
			package = 3EE621392CDAD3C200F18F4A /* XCRemoteSwiftPackageReference "firebase-ios-sdk" */;
			productName = FirebaseAuth;
		};
		3EE6213C2CDAD3C200F18F4A /* FirebaseFirestore */ = {
			isa = XCSwiftPackageProductDependency;
			package = 3EE621392CDAD3C200F18F4A /* XCRemoteSwiftPackageReference "firebase-ios-sdk" */;
			productName = FirebaseFirestore;
		};
/* End XCSwiftPackageProductDependency section */
	};
	rootObject = 3E8F6AD62BCBD5CC003C4160 /* Project object */;
}
