{
  "pins" : [
    {
      "identity" : "keychain-swift",
      "kind" : "remoteSourceControl",
      "location" : "https://github.com/evgenyneu/keychain-swift",
      "state" : {
        "revision" : "75677d8be3c50898c8ffd0d107f88aa2740301fc",
        "version" : "22.0.0"
      }
    }
  ],
  "version" : 2
}
